// !$*UTF8*$!
{
	archiveVersion = 1;
	classes = {
	};
	objectVersion = 46;
	objects = {

/* Begin PBXBuildFile section */
		00E356F31AD99517003FC87E /* ICE20Tests.m in Sources */ = {isa = PBXBuildFile; fileRef = 00E356F21AD99517003FC87E /* ICE20Tests.m */; };
		13B07FBC1A68108700A75B9A /* AppDelegate.m in Sources */ = {isa = PBXBuildFile; fileRef = 13B07FB01A68108700A75B9A /* AppDelegate.m */; };
		13B07FBD1A68108700A75B9A /* LaunchScreen.xib in Resources */ = {isa = PBXBuildFile; fileRef = 13B07FB11A68108700A75B9A /* LaunchScreen.xib */; };
		13B07FBF1A68108700A75B9A /* Images.xcassets in Resources */ = {isa = PBXBuildFile; fileRef = 13B07FB51A68108700A75B9A /* Images.xcassets */; };
		13B07FC11A68108700A75B9A /* main.m in Sources */ = {isa = PBXBuildFile; fileRef = 13B07FB71A68108700A75B9A /* main.m */; };
		2D02E4BC1E0B4A80006451C7 /* AppDelegate.m in Sources */ = {isa = PBXBuildFile; fileRef = 13B07FB01A68108700A75B9A /* AppDelegate.m */; };
		2D02E4BD1E0B4A84006451C7 /* Images.xcassets in Resources */ = {isa = PBXBuildFile; fileRef = 13B07FB51A68108700A75B9A /* Images.xcassets */; };
		2D02E4BF1E0B4AB3006451C7 /* main.m in Sources */ = {isa = PBXBuildFile; fileRef = 13B07FB71A68108700A75B9A /* main.m */; };
		2D16E6881FA4F8E400B85C8A /* libReact.a in Frameworks */ = {isa = PBXBuildFile; fileRef = 2D16E6891FA4F8E400B85C8A /* libReact.a */; };
		2DCD954D1E0B4F2C00145EB5 /* ICE20Tests.m in Sources */ = {isa = PBXBuildFile; fileRef = 00E356F21AD99517003FC87E /* ICE20Tests.m */; };
		2DF0FFEE2056DD460020B375 /* libReact.a in Frameworks */ = {isa = PBXBuildFile; fileRef = 3DAD3EA31DF850E9000B6D8A /* libReact.a */; };
		842E2239223119C60099FA30 /* Octicons.ttf in Resources */ = {isa = PBXBuildFile; fileRef = 842E21FF223119C60099FA30 /* Octicons.ttf */; };
		842E223A223119C60099FA30 /* Feather.ttf in Resources */ = {isa = PBXBuildFile; fileRef = 842E2200223119C60099FA30 /* Feather.ttf */; };
		842E223B223119C60099FA30 /* Entypo.ttf in Resources */ = {isa = PBXBuildFile; fileRef = 842E2201223119C60099FA30 /* Entypo.ttf */; };
		842E223C223119C60099FA30 /* FontAwesome5_Brands.ttf in Resources */ = {isa = PBXBuildFile; fileRef = 842E2202223119C60099FA30 /* FontAwesome5_Brands.ttf */; };
		842E223D223119C60099FA30 /* MaterialCommunityIcons.ttf in Resources */ = {isa = PBXBuildFile; fileRef = 842E2203223119C60099FA30 /* MaterialCommunityIcons.ttf */; };
		842E223E223119C60099FA30 /* AntDesign.ttf in Resources */ = {isa = PBXBuildFile; fileRef = 842E2204223119C60099FA30 /* AntDesign.ttf */; };
		842E223F223119C60099FA30 /* Foundation.ttf in Resources */ = {isa = PBXBuildFile; fileRef = 842E2205223119C60099FA30 /* Foundation.ttf */; };
		842E2240223119C60099FA30 /* Ionicons.ttf in Resources */ = {isa = PBXBuildFile; fileRef = 842E2206223119C60099FA30 /* Ionicons.ttf */; };
		842E2241223119C60099FA30 /* FontAwesome5_Solid.ttf in Resources */ = {isa = PBXBuildFile; fileRef = 842E2207223119C60099FA30 /* FontAwesome5_Solid.ttf */; };
		842E2242223119C60099FA30 /* FontAwesome5_Regular.ttf in Resources */ = {isa = PBXBuildFile; fileRef = 842E2208223119C60099FA30 /* FontAwesome5_Regular.ttf */; };
		842E2243223119C60099FA30 /* FontAwesome.ttf in Resources */ = {isa = PBXBuildFile; fileRef = 842E2209223119C60099FA30 /* FontAwesome.ttf */; };
		842E2244223119C60099FA30 /* Zocial.ttf in Resources */ = {isa = PBXBuildFile; fileRef = 842E220A223119C60099FA30 /* Zocial.ttf */; };
		842E2245223119C60099FA30 /* EvilIcons.ttf in Resources */ = {isa = PBXBuildFile; fileRef = 842E220B223119C60099FA30 /* EvilIcons.ttf */; };
		842E2246223119C60099FA30 /* SimpleLineIcons.ttf in Resources */ = {isa = PBXBuildFile; fileRef = 842E220C223119C60099FA30 /* SimpleLineIcons.ttf */; };
		842E2247223119C60099FA30 /* MaterialIcons.ttf in Resources */ = {isa = PBXBuildFile; fileRef = 842E220D223119C60099FA30 /* MaterialIcons.ttf */; };
		846C041E22DDC1AF0014487A /* libRNGestureHandler.a in Frameworks */ = {isa = PBXBuildFile; fileRef = 846C03C322DDB06E0014487A /* libRNGestureHandler.a */; };
		8484F97E2230FA6500144B3F /* AntDesign.ttf in Resources */ = {isa = PBXBuildFile; fileRef = 8484F97D2230FA6500144B3F /* AntDesign.ttf */; };
		8484F990223116F300144B3F /* Ionicons.ttf in Resources */ = {isa = PBXBuildFile; fileRef = 0BAF7BC1EE89423C9F558511 /* Ionicons.ttf */; };
		8484F9BC223116F900144B3F /* Feather.ttf in Resources */ = {isa = PBXBuildFile; fileRef = 5DAC52908ABE4AA1B53A7183 /* Feather.ttf */; };
		84FC53542297B7A40020373E /* JavaScriptCore.framework in Frameworks */ = {isa = PBXBuildFile; fileRef = 84FC531F2297B7A40020373E /* JavaScriptCore.framework */; };
		84FC53552297B9060020373E /* JavaScriptCore.framework in Frameworks */ = {isa = PBXBuildFile; fileRef = 84FC531F2297B7A40020373E /* JavaScriptCore.framework */; };
		8B4D749F5D094DD190DD9721 /* libz.tbd in Frameworks */ = {isa = PBXBuildFile; fileRef = 9E42555C4EF44B2C93E35106 /* libz.tbd */; };
		8D38E06478FE4F1489E8F7FE /* libAppCenterReactNativeAnalytics.a in Frameworks */ = {isa = PBXBuildFile; fileRef = 69728A8D00C047DEABEA4938 /* libAppCenterReactNativeAnalytics.a */; };
		98CC49BF2E6F492DA22BAA47 /* libCodePush.a in Frameworks */ = {isa = PBXBuildFile; fileRef = 7A60114E30BC437F834A0B60 /* libCodePush.a */; };
		9B331610ADAC478D9A504B95 /* libAppCenterReactNative.a in Frameworks */ = {isa = PBXBuildFile; fileRef = E8A94293B2484A31AF21B972 /* libAppCenterReactNative.a */; };
		ACC461BC6E701C4E54E4591E /* Pods_ICE20.framework in Frameworks */ = {isa = PBXBuildFile; fileRef = F2FE3105E6B665EA6CE876C7 /* Pods_ICE20.framework */; };
		C6E5786297F946B0806C3992 /* libAppCenterReactNativeCrashes.a in Frameworks */ = {isa = PBXBuildFile; fileRef = B23E3AF9AF41433187FDD3F7 /* libAppCenterReactNativeCrashes.a */; };
		D803FFF2EC944EEB89F23930 /* AppCenter-Config.plist in Resources */ = {isa = PBXBuildFile; fileRef = 61899CF967AC4A57B2371268 /* AppCenter-Config.plist */; };
/* End PBXBuildFile section */

/* Begin PBXContainerItemProxy section */
		00E356F41AD99517003FC87E /* PBXContainerItemProxy */ = {
			isa = PBXContainerItemProxy;
			containerPortal = 83CBB9F71A601CBA00E9B192 /* Project object */;
			proxyType = 1;
			remoteGlobalIDString = 13B07F861A680F5B00A75B9A;
			remoteInfo = ICE20;
		};
		146834031AC3E56700842450 /* PBXContainerItemProxy */ = {
			isa = PBXContainerItemProxy;
			containerPortal = 146833FF1AC3E56700842450 /* React.xcodeproj */;
			proxyType = 2;
			remoteGlobalIDString = 83CBBA2E1A601D0E00E9B192;
			remoteInfo = React;
		};
		2D02E4911E0B4A5D006451C7 /* PBXContainerItemProxy */ = {
			isa = PBXContainerItemProxy;
			containerPortal = 83CBB9F71A601CBA00E9B192 /* Project object */;
			proxyType = 1;
			remoteGlobalIDString = 2D02E47A1E0B4A5D006451C7;
			remoteInfo = "ICE20-tvOS";
		};
		2DF0FFDE2056DD460020B375 /* PBXContainerItemProxy */ = {
			isa = PBXContainerItemProxy;
			containerPortal = 146833FF1AC3E56700842450 /* React.xcodeproj */;
			proxyType = 2;
			remoteGlobalIDString = EBF21BDC1FC498900052F4D5;
			remoteInfo = jsinspector;
		};
		2DF0FFE02056DD460020B375 /* PBXContainerItemProxy */ = {
			isa = PBXContainerItemProxy;
			containerPortal = 146833FF1AC3E56700842450 /* React.xcodeproj */;
			proxyType = 2;
			remoteGlobalIDString = EBF21BFA1FC4989A0052F4D5;
			remoteInfo = "jsinspector-tvOS";
		};
		2DF0FFE22056DD460020B375 /* PBXContainerItemProxy */ = {
			isa = PBXContainerItemProxy;
			containerPortal = 146833FF1AC3E56700842450 /* React.xcodeproj */;
			proxyType = 2;
			remoteGlobalIDString = 139D7ECE1E25DB7D00323FB7;
			remoteInfo = "third-party";
		};
		2DF0FFE42056DD460020B375 /* PBXContainerItemProxy */ = {
			isa = PBXContainerItemProxy;
			containerPortal = 146833FF1AC3E56700842450 /* React.xcodeproj */;
			proxyType = 2;
			remoteGlobalIDString = 3D383D3C1EBD27B6005632C8;
			remoteInfo = "third-party-tvOS";
		};
		2DF0FFE62056DD460020B375 /* PBXContainerItemProxy */ = {
			isa = PBXContainerItemProxy;
			containerPortal = 146833FF1AC3E56700842450 /* React.xcodeproj */;
			proxyType = 2;
			remoteGlobalIDString = 139D7E881E25C6D100323FB7;
			remoteInfo = "double-conversion";
		};
		2DF0FFE82056DD460020B375 /* PBXContainerItemProxy */ = {
			isa = PBXContainerItemProxy;
			containerPortal = 146833FF1AC3E56700842450 /* React.xcodeproj */;
			proxyType = 2;
			remoteGlobalIDString = 3D383D621EBD27B9005632C8;
			remoteInfo = "double-conversion-tvOS";
		};
		3DAD3EA21DF850E9000B6D8A /* PBXContainerItemProxy */ = {
			isa = PBXContainerItemProxy;
			containerPortal = 146833FF1AC3E56700842450 /* React.xcodeproj */;
			proxyType = 2;
			remoteGlobalIDString = 2D2A28131D9B038B00D4039D;
			remoteInfo = "React-tvOS";
		};
		3DAD3EA41DF850E9000B6D8A /* PBXContainerItemProxy */ = {
			isa = PBXContainerItemProxy;
			containerPortal = 146833FF1AC3E56700842450 /* React.xcodeproj */;
			proxyType = 2;
			remoteGlobalIDString = 3D3C059A1DE3340900C268FA;
			remoteInfo = yoga;
		};
		3DAD3EA61DF850E9000B6D8A /* PBXContainerItemProxy */ = {
			isa = PBXContainerItemProxy;
			containerPortal = 146833FF1AC3E56700842450 /* React.xcodeproj */;
			proxyType = 2;
			remoteGlobalIDString = 3D3C06751DE3340C00C268FA;
			remoteInfo = "yoga-tvOS";
		};
		3DAD3EA81DF850E9000B6D8A /* PBXContainerItemProxy */ = {
			isa = PBXContainerItemProxy;
			containerPortal = 146833FF1AC3E56700842450 /* React.xcodeproj */;
			proxyType = 2;
			remoteGlobalIDString = 3D3CD9251DE5FBEC00167DC4;
			remoteInfo = cxxreact;
		};
		3DAD3EAA1DF850E9000B6D8A /* PBXContainerItemProxy */ = {
			isa = PBXContainerItemProxy;
			containerPortal = 146833FF1AC3E56700842450 /* React.xcodeproj */;
			proxyType = 2;
			remoteGlobalIDString = 3D3CD9321DE5FBEE00167DC4;
			remoteInfo = "cxxreact-tvOS";
		};
		84384293220466BA00DBAF83 /* PBXContainerItemProxy */ = {
			isa = PBXContainerItemProxy;
			containerPortal = 322CD6DF5B5C4550A76EEE08 /* AppCenterReactNativeAnalytics.xcodeproj */;
			proxyType = 2;
			remoteGlobalIDString = 548694001D8384E600E6685A;
			remoteInfo = AppCenterReactNativeAnalytics;
		};
		84384298220466BB00DBAF83 /* PBXContainerItemProxy */ = {
			isa = PBXContainerItemProxy;
			containerPortal = C4990ACB1D534CEA8BDA9BCD /* AppCenterReactNativeCrashes.xcodeproj */;
			proxyType = 2;
			remoteGlobalIDString = 5419C2701D824AA700DDF3A1;
			remoteInfo = AppCenterReactNativeCrashes;
		};
		8438429D220466BB00DBAF83 /* PBXContainerItemProxy */ = {
			isa = PBXContainerItemProxy;
			containerPortal = F1A34BFA273C4684B9165E9A /* AppCenterReactNative.xcodeproj */;
			proxyType = 2;
			remoteGlobalIDString = C35AEC211EF91F9300931F0C;
			remoteInfo = AppCenterReactNative;
		};
		846C03C222DDB06E0014487A /* PBXContainerItemProxy */ = {
			isa = PBXContainerItemProxy;
			containerPortal = 846C03BD22DDB06E0014487A /* RNGestureHandler.xcodeproj */;
			proxyType = 2;
			remoteGlobalIDString = 134814201AA4EA6300B7C361;
			remoteInfo = RNGestureHandler;
		};
		846C03C422DDB06E0014487A /* PBXContainerItemProxy */ = {
			isa = PBXContainerItemProxy;
			containerPortal = 846C03BD22DDB06E0014487A /* RNGestureHandler.xcodeproj */;
			proxyType = 2;
			remoteGlobalIDString = B5C32A36220C603B000FFB8D;
			remoteInfo = "RNGestureHandler-tvOS";
		};
		8492B630220422BC006B58A5 /* PBXContainerItemProxy */ = {
			isa = PBXContainerItemProxy;
			containerPortal = 08D582B88D3846E2B31CFF4F /* CodePush.xcodeproj */;
			proxyType = 2;
			remoteGlobalIDString = 134814201AA4EA6300B7C361;
			remoteInfo = CodePush;
		};
		8492B632220422BC006B58A5 /* PBXContainerItemProxy */ = {
			isa = PBXContainerItemProxy;
			containerPortal = 08D582B88D3846E2B31CFF4F /* CodePush.xcodeproj */;
			proxyType = 2;
			remoteGlobalIDString = F886647B1F4ADB500036D01B;
			remoteInfo = "CodePush-tvOS";
		};
		8492B638220422BC006B58A5 /* PBXContainerItemProxy */ = {
			isa = PBXContainerItemProxy;
			containerPortal = 72A051BDCC1044E9BD4E2C7F /* RCTVideo.xcodeproj */;
			proxyType = 2;
			remoteGlobalIDString = 134814201AA4EA6300B7C361;
			remoteInfo = RCTVideo;
		};
		8492B63A220422BC006B58A5 /* PBXContainerItemProxy */ = {
			isa = PBXContainerItemProxy;
			containerPortal = 72A051BDCC1044E9BD4E2C7F /* RCTVideo.xcodeproj */;
			proxyType = 2;
			remoteGlobalIDString = 641E28441F0EEC8500443AF6;
			remoteInfo = "RCTVideo-tvOS";
		};
		84FC534C2297B7A40020373E /* PBXContainerItemProxy */ = {
			isa = PBXContainerItemProxy;
			containerPortal = 146833FF1AC3E56700842450 /* React.xcodeproj */;
			proxyType = 2;
			remoteGlobalIDString = EDEBC6D6214B3E7000DD5AC8;
			remoteInfo = jsi;
		};
		84FC534E2297B7A40020373E /* PBXContainerItemProxy */ = {
			isa = PBXContainerItemProxy;
			containerPortal = 146833FF1AC3E56700842450 /* React.xcodeproj */;
			proxyType = 2;
			remoteGlobalIDString = EDEBC73B214B45A300DD5AC8;
			remoteInfo = jsiexecutor;
		};
		84FC53502297B7A40020373E /* PBXContainerItemProxy */ = {
			isa = PBXContainerItemProxy;
			containerPortal = 146833FF1AC3E56700842450 /* React.xcodeproj */;
			proxyType = 2;
			remoteGlobalIDString = ED296FB6214C9A0900B7C4FE;
			remoteInfo = "jsi-tvOS";
		};
		84FC53522297B7A40020373E /* PBXContainerItemProxy */ = {
			isa = PBXContainerItemProxy;
			containerPortal = 146833FF1AC3E56700842450 /* React.xcodeproj */;
			proxyType = 2;
			remoteGlobalIDString = ED296FEE214C9CF800B7C4FE;
			remoteInfo = "jsiexecutor-tvOS";
		};
/* End PBXContainerItemProxy section */

/* Begin PBXFileReference section */
		008F07F21AC5B25A0029DE68 /* main.jsbundle */ = {isa = PBXFileReference; fileEncoding = 4; lastKnownFileType = text; path = main.jsbundle; sourceTree = "<group>"; };
		00E356EE1AD99517003FC87E /* ICE20Tests.xctest */ = {isa = PBXFileReference; explicitFileType = wrapper.cfbundle; includeInIndex = 0; path = ICE20Tests.xctest; sourceTree = BUILT_PRODUCTS_DIR; };
		00E356F11AD99517003FC87E /* Info.plist */ = {isa = PBXFileReference; lastKnownFileType = text.plist.xml; path = Info.plist; sourceTree = "<group>"; };
		00E356F21AD99517003FC87E /* ICE20Tests.m */ = {isa = PBXFileReference; lastKnownFileType = sourcecode.c.objc; path = ICE20Tests.m; sourceTree = "<group>"; };
		08D582B88D3846E2B31CFF4F /* CodePush.xcodeproj */ = {isa = PBXFileReference; explicitFileType = undefined; fileEncoding = 9; includeInIndex = 0; lastKnownFileType = "wrapper.pb-project"; name = CodePush.xcodeproj; path = "../node_modules/react-native-code-push/ios/CodePush.xcodeproj"; sourceTree = "<group>"; };
		0BAF7BC1EE89423C9F558511 /* Ionicons.ttf */ = {isa = PBXFileReference; explicitFileType = undefined; fileEncoding = 9; includeInIndex = 0; lastKnownFileType = unknown; name = Ionicons.ttf; path = "../node_modules/react-native-vector-icons/Fonts/Ionicons.ttf"; sourceTree = "<group>"; };
		0DEBD0D0F2A446A5BDD2290A /* FontAwesome5_Brands.ttf */ = {isa = PBXFileReference; explicitFileType = undefined; fileEncoding = 9; includeInIndex = 0; lastKnownFileType = unknown; name = FontAwesome5_Brands.ttf; path = "../node_modules/react-native-vector-icons/Fonts/FontAwesome5_Brands.ttf"; sourceTree = "<group>"; };
		13B07F961A680F5B00A75B9A /* ICE20.app */ = {isa = PBXFileReference; explicitFileType = wrapper.application; includeInIndex = 0; path = ICE20.app; sourceTree = BUILT_PRODUCTS_DIR; };
		13B07FAF1A68108700A75B9A /* AppDelegate.h */ = {isa = PBXFileReference; fileEncoding = 4; lastKnownFileType = sourcecode.c.h; name = AppDelegate.h; path = ICE20/AppDelegate.h; sourceTree = "<group>"; };
		13B07FB01A68108700A75B9A /* AppDelegate.m */ = {isa = PBXFileReference; fileEncoding = 4; lastKnownFileType = sourcecode.c.objc; name = AppDelegate.m; path = ICE20/AppDelegate.m; sourceTree = "<group>"; };
		13B07FB21A68108700A75B9A /* Base */ = {isa = PBXFileReference; lastKnownFileType = file.xib; name = Base; path = Base.lproj/LaunchScreen.xib; sourceTree = "<group>"; };
		13B07FB51A68108700A75B9A /* Images.xcassets */ = {isa = PBXFileReference; lastKnownFileType = folder.assetcatalog; name = Images.xcassets; path = ICE20/Images.xcassets; sourceTree = "<group>"; };
		13B07FB61A68108700A75B9A /* Info.plist */ = {isa = PBXFileReference; fileEncoding = 4; lastKnownFileType = text.plist.xml; name = Info.plist; path = ICE20/Info.plist; sourceTree = "<group>"; };
		13B07FB71A68108700A75B9A /* main.m */ = {isa = PBXFileReference; fileEncoding = 4; lastKnownFileType = sourcecode.c.objc; name = main.m; path = ICE20/main.m; sourceTree = "<group>"; };
		146833FF1AC3E56700842450 /* React.xcodeproj */ = {isa = PBXFileReference; lastKnownFileType = "wrapper.pb-project"; name = React.xcodeproj; path = "../node_modules/react-native/React/React.xcodeproj"; sourceTree = "<group>"; };
		183EDC75670A1618F0CA28B7 /* Pods-ICE20.release.xcconfig */ = {isa = PBXFileReference; includeInIndex = 1; lastKnownFileType = text.xcconfig; name = "Pods-ICE20.release.xcconfig"; path = "Pods/Target Support Files/Pods-ICE20/Pods-ICE20.release.xcconfig"; sourceTree = "<group>"; };
		2D02E47B1E0B4A5D006451C7 /* ICE20-tvOS.app */ = {isa = PBXFileReference; explicitFileType = wrapper.application; includeInIndex = 0; path = "ICE20-tvOS.app"; sourceTree = BUILT_PRODUCTS_DIR; };
		2D02E4901E0B4A5D006451C7 /* ICE20-tvOSTests.xctest */ = {isa = PBXFileReference; explicitFileType = wrapper.cfbundle; includeInIndex = 0; path = "ICE20-tvOSTests.xctest"; sourceTree = BUILT_PRODUCTS_DIR; };
		2D16E6891FA4F8E400B85C8A /* libReact.a */ = {isa = PBXFileReference; explicitFileType = archive.ar; path = libReact.a; sourceTree = BUILT_PRODUCTS_DIR; };
		322CD6DF5B5C4550A76EEE08 /* AppCenterReactNativeAnalytics.xcodeproj */ = {isa = PBXFileReference; explicitFileType = undefined; fileEncoding = 9; includeInIndex = 0; lastKnownFileType = "wrapper.pb-project"; name = AppCenterReactNativeAnalytics.xcodeproj; path = "../node_modules/appcenter-analytics/ios/AppCenterReactNativeAnalytics.xcodeproj"; sourceTree = "<group>"; };
		3E1E22F374954D7CBEEC0764 /* SimpleLineIcons.ttf */ = {isa = PBXFileReference; explicitFileType = undefined; fileEncoding = 9; includeInIndex = 0; lastKnownFileType = unknown; name = SimpleLineIcons.ttf; path = "../node_modules/react-native-vector-icons/Fonts/SimpleLineIcons.ttf"; sourceTree = "<group>"; };
		5D670F17D0A94CA790C86DB0 /* libRCTRestart.a */ = {isa = PBXFileReference; explicitFileType = undefined; fileEncoding = 9; includeInIndex = 0; lastKnownFileType = archive.ar; path = libRCTRestart.a; sourceTree = "<group>"; };
		5DAC52908ABE4AA1B53A7183 /* Feather.ttf */ = {isa = PBXFileReference; explicitFileType = undefined; fileEncoding = 9; includeInIndex = 0; lastKnownFileType = unknown; name = Feather.ttf; path = "../node_modules/react-native-vector-icons/Fonts/Feather.ttf"; sourceTree = "<group>"; };
		61899CF967AC4A57B2371268 /* AppCenter-Config.plist */ = {isa = PBXFileReference; explicitFileType = undefined; fileEncoding = 4; includeInIndex = 0; lastKnownFileType = text.plist.xml; name = "AppCenter-Config.plist"; path = "ICE20/AppCenter-Config.plist"; sourceTree = "<group>"; };
		64506E356AFA413685D5D4A0 /* MaterialCommunityIcons.ttf */ = {isa = PBXFileReference; explicitFileType = undefined; fileEncoding = 9; includeInIndex = 0; lastKnownFileType = unknown; name = MaterialCommunityIcons.ttf; path = "../node_modules/react-native-vector-icons/Fonts/MaterialCommunityIcons.ttf"; sourceTree = "<group>"; };
		6816344A14E340D7A7788755 /* FontAwesome.ttf */ = {isa = PBXFileReference; explicitFileType = undefined; fileEncoding = 9; includeInIndex = 0; lastKnownFileType = unknown; name = FontAwesome.ttf; path = "../node_modules/react-native-vector-icons/Fonts/FontAwesome.ttf"; sourceTree = "<group>"; };
		69728A8D00C047DEABEA4938 /* libAppCenterReactNativeAnalytics.a */ = {isa = PBXFileReference; explicitFileType = undefined; fileEncoding = 9; includeInIndex = 0; lastKnownFileType = archive.ar; path = libAppCenterReactNativeAnalytics.a; sourceTree = "<group>"; };
		72A051BDCC1044E9BD4E2C7F /* RCTVideo.xcodeproj */ = {isa = PBXFileReference; explicitFileType = undefined; fileEncoding = 9; includeInIndex = 0; lastKnownFileType = "wrapper.pb-project"; name = RCTVideo.xcodeproj; path = "../node_modules/react-native-video/ios/RCTVideo.xcodeproj"; sourceTree = "<group>"; };
		7A16F295E8404FF281575F86 /* MaterialIcons.ttf */ = {isa = PBXFileReference; explicitFileType = undefined; fileEncoding = 9; includeInIndex = 0; lastKnownFileType = unknown; name = MaterialIcons.ttf; path = "../node_modules/react-native-vector-icons/Fonts/MaterialIcons.ttf"; sourceTree = "<group>"; };
		7A60114E30BC437F834A0B60 /* libCodePush.a */ = {isa = PBXFileReference; explicitFileType = undefined; fileEncoding = 9; includeInIndex = 0; lastKnownFileType = archive.ar; path = libCodePush.a; sourceTree = "<group>"; };
		842E21FF223119C60099FA30 /* Octicons.ttf */ = {isa = PBXFileReference; fileEncoding = 4; lastKnownFileType = text; path = Octicons.ttf; sourceTree = "<group>"; };
		842E2200223119C60099FA30 /* Feather.ttf */ = {isa = PBXFileReference; fileEncoding = 4; lastKnownFileType = text; path = Feather.ttf; sourceTree = "<group>"; };
		842E2201223119C60099FA30 /* Entypo.ttf */ = {isa = PBXFileReference; fileEncoding = 4; lastKnownFileType = text; path = Entypo.ttf; sourceTree = "<group>"; };
		842E2202223119C60099FA30 /* FontAwesome5_Brands.ttf */ = {isa = PBXFileReference; fileEncoding = 4; lastKnownFileType = text; path = FontAwesome5_Brands.ttf; sourceTree = "<group>"; };
		842E2203223119C60099FA30 /* MaterialCommunityIcons.ttf */ = {isa = PBXFileReference; fileEncoding = 4; lastKnownFileType = text; path = MaterialCommunityIcons.ttf; sourceTree = "<group>"; };
		842E2204223119C60099FA30 /* AntDesign.ttf */ = {isa = PBXFileReference; fileEncoding = 4; lastKnownFileType = text; path = AntDesign.ttf; sourceTree = "<group>"; };
		842E2205223119C60099FA30 /* Foundation.ttf */ = {isa = PBXFileReference; fileEncoding = 4; lastKnownFileType = text; path = Foundation.ttf; sourceTree = "<group>"; };
		842E2206223119C60099FA30 /* Ionicons.ttf */ = {isa = PBXFileReference; fileEncoding = 4; lastKnownFileType = text; path = Ionicons.ttf; sourceTree = "<group>"; };
		842E2207223119C60099FA30 /* FontAwesome5_Solid.ttf */ = {isa = PBXFileReference; fileEncoding = 4; lastKnownFileType = text; path = FontAwesome5_Solid.ttf; sourceTree = "<group>"; };
		842E2208223119C60099FA30 /* FontAwesome5_Regular.ttf */ = {isa = PBXFileReference; fileEncoding = 4; lastKnownFileType = text; path = FontAwesome5_Regular.ttf; sourceTree = "<group>"; };
		842E2209223119C60099FA30 /* FontAwesome.ttf */ = {isa = PBXFileReference; fileEncoding = 4; lastKnownFileType = text; path = FontAwesome.ttf; sourceTree = "<group>"; };
		842E220A223119C60099FA30 /* Zocial.ttf */ = {isa = PBXFileReference; fileEncoding = 4; lastKnownFileType = text; path = Zocial.ttf; sourceTree = "<group>"; };
		842E220B223119C60099FA30 /* EvilIcons.ttf */ = {isa = PBXFileReference; fileEncoding = 4; lastKnownFileType = text; path = EvilIcons.ttf; sourceTree = "<group>"; };
		842E220C223119C60099FA30 /* SimpleLineIcons.ttf */ = {isa = PBXFileReference; fileEncoding = 4; lastKnownFileType = text; path = SimpleLineIcons.ttf; sourceTree = "<group>"; };
		842E220D223119C60099FA30 /* MaterialIcons.ttf */ = {isa = PBXFileReference; fileEncoding = 4; lastKnownFileType = text; path = MaterialIcons.ttf; sourceTree = "<group>"; };
		846C03BD22DDB06E0014487A /* RNGestureHandler.xcodeproj */ = {isa = PBXFileReference; lastKnownFileType = "wrapper.pb-project"; name = RNGestureHandler.xcodeproj; path = "../node_modules/react-native-gesture-handler/ios/RNGestureHandler.xcodeproj"; sourceTree = "<group>"; };
		846C03C722DDB0860014487A /* RNGestureHandler.framework */ = {isa = PBXFileReference; explicitFileType = wrapper.framework; path = RNGestureHandler.framework; sourceTree = BUILT_PRODUCTS_DIR; };
		8484F97D2230FA6500144B3F /* AntDesign.ttf */ = {isa = PBXFileReference; fileEncoding = 4; lastKnownFileType = text; name = AntDesign.ttf; path = "../node_modules/react-native-vector-icons/Fonts/AntDesign.ttf"; sourceTree = "<group>"; };
		84D10FB1223A3CA80075B312 /* ICE20.entitlements */ = {isa = PBXFileReference; lastKnownFileType = text.plist.entitlements; name = ICE20.entitlements; path = ICE20/ICE20.entitlements; sourceTree = "<group>"; };
		84E08D8D22DCA0B20010C184 /* RNShare.framework */ = {isa = PBXFileReference; explicitFileType = wrapper.framework; path = RNShare.framework; sourceTree = BUILT_PRODUCTS_DIR; };
		84FC531F2297B7A40020373E /* JavaScriptCore.framework */ = {isa = PBXFileReference; lastKnownFileType = wrapper.framework; name = JavaScriptCore.framework; path = System/Library/Frameworks/JavaScriptCore.framework; sourceTree = SDKROOT; };
		9E42555C4EF44B2C93E35106 /* libz.tbd */ = {isa = PBXFileReference; explicitFileType = undefined; fileEncoding = 9; includeInIndex = 0; lastKnownFileType = "sourcecode.text-based-dylib-definition"; name = libz.tbd; path = usr/lib/libz.tbd; sourceTree = SDKROOT; };
		A7DDD89636964634A1AFA86F /* Zocial.ttf */ = {isa = PBXFileReference; explicitFileType = undefined; fileEncoding = 9; includeInIndex = 0; lastKnownFileType = unknown; name = Zocial.ttf; path = "../node_modules/react-native-vector-icons/Fonts/Zocial.ttf"; sourceTree = "<group>"; };
		A914EA4E9B9D4DF3A11446DB /* FontAwesome5_Regular.ttf */ = {isa = PBXFileReference; explicitFileType = undefined; fileEncoding = 9; includeInIndex = 0; lastKnownFileType = unknown; name = FontAwesome5_Regular.ttf; path = "../node_modules/react-native-vector-icons/Fonts/FontAwesome5_Regular.ttf"; sourceTree = "<group>"; };
		B23E3AF9AF41433187FDD3F7 /* libAppCenterReactNativeCrashes.a */ = {isa = PBXFileReference; explicitFileType = undefined; fileEncoding = 9; includeInIndex = 0; lastKnownFileType = archive.ar; path = libAppCenterReactNativeCrashes.a; sourceTree = "<group>"; };
		B3840855B3AA42BBA0DA3A37 /* FontAwesome5_Solid.ttf */ = {isa = PBXFileReference; explicitFileType = undefined; fileEncoding = 9; includeInIndex = 0; lastKnownFileType = unknown; name = FontAwesome5_Solid.ttf; path = "../node_modules/react-native-vector-icons/Fonts/FontAwesome5_Solid.ttf"; sourceTree = "<group>"; };
		BBF2EFEB631F45A881295577 /* Entypo.ttf */ = {isa = PBXFileReference; explicitFileType = undefined; fileEncoding = 9; includeInIndex = 0; lastKnownFileType = unknown; name = Entypo.ttf; path = "../node_modules/react-native-vector-icons/Fonts/Entypo.ttf"; sourceTree = "<group>"; };
		C4990ACB1D534CEA8BDA9BCD /* AppCenterReactNativeCrashes.xcodeproj */ = {isa = PBXFileReference; explicitFileType = undefined; fileEncoding = 9; includeInIndex = 0; lastKnownFileType = "wrapper.pb-project"; name = AppCenterReactNativeCrashes.xcodeproj; path = "../node_modules/appcenter-crashes/ios/AppCenterReactNativeCrashes.xcodeproj"; sourceTree = "<group>"; };
		CF26313900DA468CA2AA7833 /* libRCTVideo.a */ = {isa = PBXFileReference; explicitFileType = undefined; fileEncoding = 9; includeInIndex = 0; lastKnownFileType = archive.ar; path = libRCTVideo.a; sourceTree = "<group>"; };
		D9DC2EB5A88A47C9AB60B89A /* Foundation.ttf */ = {isa = PBXFileReference; explicitFileType = undefined; fileEncoding = 9; includeInIndex = 0; lastKnownFileType = unknown; name = Foundation.ttf; path = "../node_modules/react-native-vector-icons/Fonts/Foundation.ttf"; sourceTree = "<group>"; };
		E8A94293B2484A31AF21B972 /* libAppCenterReactNative.a */ = {isa = PBXFileReference; explicitFileType = undefined; fileEncoding = 9; includeInIndex = 0; lastKnownFileType = archive.ar; path = libAppCenterReactNative.a; sourceTree = "<group>"; };
		EB5EFCC28DD74EAB83C07A97 /* EvilIcons.ttf */ = {isa = PBXFileReference; explicitFileType = undefined; fileEncoding = 9; includeInIndex = 0; lastKnownFileType = unknown; name = EvilIcons.ttf; path = "../node_modules/react-native-vector-icons/Fonts/EvilIcons.ttf"; sourceTree = "<group>"; };
		F1A34BFA273C4684B9165E9A /* AppCenterReactNative.xcodeproj */ = {isa = PBXFileReference; explicitFileType = undefined; fileEncoding = 9; includeInIndex = 0; lastKnownFileType = "wrapper.pb-project"; name = AppCenterReactNative.xcodeproj; path = ../node_modules/appcenter/ios/AppCenterReactNative.xcodeproj; sourceTree = "<group>"; };
		F2FE3105E6B665EA6CE876C7 /* Pods_ICE20.framework */ = {isa = PBXFileReference; explicitFileType = wrapper.framework; includeInIndex = 0; path = Pods_ICE20.framework; sourceTree = BUILT_PRODUCTS_DIR; };
		F7E7BD22D8B5302F01CB4F96 /* Pods-ICE20.debug.xcconfig */ = {isa = PBXFileReference; includeInIndex = 1; lastKnownFileType = text.xcconfig; name = "Pods-ICE20.debug.xcconfig"; path = "Pods/Target Support Files/Pods-ICE20/Pods-ICE20.debug.xcconfig"; sourceTree = "<group>"; };
		F83E392F05B64A269BE88AD8 /* Octicons.ttf */ = {isa = PBXFileReference; explicitFileType = undefined; fileEncoding = 9; includeInIndex = 0; lastKnownFileType = unknown; name = Octicons.ttf; path = "../node_modules/react-native-vector-icons/Fonts/Octicons.ttf"; sourceTree = "<group>"; };
		FCBD047CE77FBDE7D7BDABA7 /* Pods-ICE20.staging.xcconfig */ = {isa = PBXFileReference; includeInIndex = 1; lastKnownFileType = text.xcconfig; name = "Pods-ICE20.staging.xcconfig"; path = "Pods/Target Support Files/Pods-ICE20/Pods-ICE20.staging.xcconfig"; sourceTree = "<group>"; };
/* End PBXFileReference section */

/* Begin PBXFrameworksBuildPhase section */
		00E356EB1AD99517003FC87E /* Frameworks */ = {
			isa = PBXFrameworksBuildPhase;
			buildActionMask = 2147483647;
			files = (
				84FC53552297B9060020373E /* JavaScriptCore.framework in Frameworks */,
			);
			runOnlyForDeploymentPostprocessing = 0;
		};
		13B07F8C1A680F5B00A75B9A /* Frameworks */ = {
			isa = PBXFrameworksBuildPhase;
			buildActionMask = 2147483647;
			files = (
				846C041E22DDC1AF0014487A /* libRNGestureHandler.a in Frameworks */,
				84FC53542297B7A40020373E /* JavaScriptCore.framework in Frameworks */,
				98CC49BF2E6F492DA22BAA47 /* libCodePush.a in Frameworks */,
				8B4D749F5D094DD190DD9721 /* libz.tbd in Frameworks */,
				ACC461BC6E701C4E54E4591E /* Pods_ICE20.framework in Frameworks */,
				9B331610ADAC478D9A504B95 /* libAppCenterReactNative.a in Frameworks */,
				8D38E06478FE4F1489E8F7FE /* libAppCenterReactNativeAnalytics.a in Frameworks */,
				C6E5786297F946B0806C3992 /* libAppCenterReactNativeCrashes.a in Frameworks */,
			);
			runOnlyForDeploymentPostprocessing = 0;
		};
		2D02E4781E0B4A5D006451C7 /* Frameworks */ = {
			isa = PBXFrameworksBuildPhase;
			buildActionMask = 2147483647;
			files = (
				2D16E6881FA4F8E400B85C8A /* libReact.a in Frameworks */,
			);
			runOnlyForDeploymentPostprocessing = 0;
		};
		2D02E48D1E0B4A5D006451C7 /* Frameworks */ = {
			isa = PBXFrameworksBuildPhase;
			buildActionMask = 2147483647;
			files = (
				2DF0FFEE2056DD460020B375 /* libReact.a in Frameworks */,
			);
			runOnlyForDeploymentPostprocessing = 0;
		};
/* End PBXFrameworksBuildPhase section */

/* Begin PBXGroup section */
		00E356EF1AD99517003FC87E /* ICE20Tests */ = {
			isa = PBXGroup;
			children = (
				00E356F21AD99517003FC87E /* ICE20Tests.m */,
				00E356F01AD99517003FC87E /* Supporting Files */,
			);
			path = ICE20Tests;
			sourceTree = "<group>";
		};
		00E356F01AD99517003FC87E /* Supporting Files */ = {
			isa = PBXGroup;
			children = (
				00E356F11AD99517003FC87E /* Info.plist */,
			);
			name = "Supporting Files";
			sourceTree = "<group>";
		};
		13B07FAE1A68108700A75B9A /* ICE20 */ = {
			isa = PBXGroup;
			children = (
				84D10FB1223A3CA80075B312 /* ICE20.entitlements */,
				008F07F21AC5B25A0029DE68 /* main.jsbundle */,
				13B07FAF1A68108700A75B9A /* AppDelegate.h */,
				13B07FB01A68108700A75B9A /* AppDelegate.m */,
				13B07FB51A68108700A75B9A /* Images.xcassets */,
				13B07FB61A68108700A75B9A /* Info.plist */,
				13B07FB11A68108700A75B9A /* LaunchScreen.xib */,
				13B07FB71A68108700A75B9A /* main.m */,
			);
			name = ICE20;
			sourceTree = "<group>";
		};
		146834001AC3E56700842450 /* Products */ = {
			isa = PBXGroup;
			children = (
				146834041AC3E56700842450 /* libReact.a */,
				3DAD3EA31DF850E9000B6D8A /* libReact.a */,
				3DAD3EA51DF850E9000B6D8A /* libyoga.a */,
				3DAD3EA71DF850E9000B6D8A /* libyoga.a */,
				3DAD3EA91DF850E9000B6D8A /* libcxxreact.a */,
				3DAD3EAB1DF850E9000B6D8A /* libcxxreact.a */,
				2DF0FFDF2056DD460020B375 /* libjsinspector.a */,
				2DF0FFE12056DD460020B375 /* libjsinspector-tvOS.a */,
				2DF0FFE32056DD460020B375 /* libthird-party.a */,
				2DF0FFE52056DD460020B375 /* libthird-party.a */,
				2DF0FFE72056DD460020B375 /* libdouble-conversion.a */,
				2DF0FFE92056DD460020B375 /* libdouble-conversion.a */,
				84FC534D2297B7A40020373E /* libjsi.a */,
				84FC534F2297B7A40020373E /* libjsiexecutor.a */,
				84FC53512297B7A40020373E /* libjsi-tvOS.a */,
				84FC53532297B7A40020373E /* libjsiexecutor-tvOS.a */,
			);
			name = Products;
			sourceTree = "<group>";
		};
		2D16E6871FA4F8E400B85C8A /* Frameworks */ = {
			isa = PBXGroup;
			children = (
				846C03C722DDB0860014487A /* RNGestureHandler.framework */,
				84E08D8D22DCA0B20010C184 /* RNShare.framework */,
				84FC531F2297B7A40020373E /* JavaScriptCore.framework */,
				2D16E6891FA4F8E400B85C8A /* libReact.a */,
				9E42555C4EF44B2C93E35106 /* libz.tbd */,
				F2FE3105E6B665EA6CE876C7 /* Pods_ICE20.framework */,
			);
			name = Frameworks;
			sourceTree = "<group>";
		};
		5F5E2CF71167F852E7E257D0 /* Pods */ = {
			isa = PBXGroup;
			children = (
				F7E7BD22D8B5302F01CB4F96 /* Pods-ICE20.debug.xcconfig */,
				183EDC75670A1618F0CA28B7 /* Pods-ICE20.release.xcconfig */,
				FCBD047CE77FBDE7D7BDABA7 /* Pods-ICE20.staging.xcconfig */,
			);
			name = Pods;
			sourceTree = "<group>";
		};
		832341AE1AAA6A7D00B99B32 /* Libraries */ = {
			isa = PBXGroup;
			children = (
				846C03BD22DDB06E0014487A /* RNGestureHandler.xcodeproj */,
				146833FF1AC3E56700842450 /* React.xcodeproj */,
				08D582B88D3846E2B31CFF4F /* CodePush.xcodeproj */,
				72A051BDCC1044E9BD4E2C7F /* RCTVideo.xcodeproj */,
				F1A34BFA273C4684B9165E9A /* AppCenterReactNative.xcodeproj */,
				322CD6DF5B5C4550A76EEE08 /* AppCenterReactNativeAnalytics.xcodeproj */,
				C4990ACB1D534CEA8BDA9BCD /* AppCenterReactNativeCrashes.xcodeproj */,
			);
			name = Libraries;
			sourceTree = "<group>";
		};
		838D41A404D74282AD7635BA /* Resources */ = {
			isa = PBXGroup;
			children = (
				8484F97D2230FA6500144B3F /* AntDesign.ttf */,
				BBF2EFEB631F45A881295577 /* Entypo.ttf */,
				EB5EFCC28DD74EAB83C07A97 /* EvilIcons.ttf */,
				5DAC52908ABE4AA1B53A7183 /* Feather.ttf */,
				6816344A14E340D7A7788755 /* FontAwesome.ttf */,
				0DEBD0D0F2A446A5BDD2290A /* FontAwesome5_Brands.ttf */,
				A914EA4E9B9D4DF3A11446DB /* FontAwesome5_Regular.ttf */,
				B3840855B3AA42BBA0DA3A37 /* FontAwesome5_Solid.ttf */,
				D9DC2EB5A88A47C9AB60B89A /* Foundation.ttf */,
				0BAF7BC1EE89423C9F558511 /* Ionicons.ttf */,
				64506E356AFA413685D5D4A0 /* MaterialCommunityIcons.ttf */,
				7A16F295E8404FF281575F86 /* MaterialIcons.ttf */,
				F83E392F05B64A269BE88AD8 /* Octicons.ttf */,
				3E1E22F374954D7CBEEC0764 /* SimpleLineIcons.ttf */,
				A7DDD89636964634A1AFA86F /* Zocial.ttf */,
			);
			name = Resources;
			sourceTree = "<group>";
		};
		83CBB9F61A601CBA00E9B192 = {
			isa = PBXGroup;
			children = (
				842E21FE223119C60099FA30 /* Fonts */,
				13B07FAE1A68108700A75B9A /* ICE20 */,
				832341AE1AAA6A7D00B99B32 /* Libraries */,
				00E356EF1AD99517003FC87E /* ICE20Tests */,
				83CBBA001A601CBA00E9B192 /* Products */,
				2D16E6871FA4F8E400B85C8A /* Frameworks */,
				5F5E2CF71167F852E7E257D0 /* Pods */,
				8492B606220422BC006B58A5 /* Recovered References */,
				61899CF967AC4A57B2371268 /* AppCenter-Config.plist */,
				838D41A404D74282AD7635BA /* Resources */,
			);
			indentWidth = 2;
			sourceTree = "<group>";
			tabWidth = 2;
			usesTabs = 0;
		};
		83CBBA001A601CBA00E9B192 /* Products */ = {
			isa = PBXGroup;
			children = (
				13B07F961A680F5B00A75B9A /* ICE20.app */,
				00E356EE1AD99517003FC87E /* ICE20Tests.xctest */,
				2D02E47B1E0B4A5D006451C7 /* ICE20-tvOS.app */,
				2D02E4901E0B4A5D006451C7 /* ICE20-tvOSTests.xctest */,
			);
			name = Products;
			sourceTree = "<group>";
		};
		842E21FE223119C60099FA30 /* Fonts */ = {
			isa = PBXGroup;
			children = (
				842E21FF223119C60099FA30 /* Octicons.ttf */,
				842E2200223119C60099FA30 /* Feather.ttf */,
				842E2201223119C60099FA30 /* Entypo.ttf */,
				842E2202223119C60099FA30 /* FontAwesome5_Brands.ttf */,
				842E2203223119C60099FA30 /* MaterialCommunityIcons.ttf */,
				842E2204223119C60099FA30 /* AntDesign.ttf */,
				842E2205223119C60099FA30 /* Foundation.ttf */,
				842E2206223119C60099FA30 /* Ionicons.ttf */,
				842E2207223119C60099FA30 /* FontAwesome5_Solid.ttf */,
				842E2208223119C60099FA30 /* FontAwesome5_Regular.ttf */,
				842E2209223119C60099FA30 /* FontAwesome.ttf */,
				842E220A223119C60099FA30 /* Zocial.ttf */,
				842E220B223119C60099FA30 /* EvilIcons.ttf */,
				842E220C223119C60099FA30 /* SimpleLineIcons.ttf */,
				842E220D223119C60099FA30 /* MaterialIcons.ttf */,
			);
			name = Fonts;
			path = "../node_modules/react-native-vector-icons/Fonts";
			sourceTree = "<group>";
		};
		84384290220466BA00DBAF83 /* Products */ = {
			isa = PBXGroup;
			children = (
				84384294220466BA00DBAF83 /* libAppCenterReactNativeAnalytics.a */,
			);
			name = Products;
			sourceTree = "<group>";
		};
		84384295220466BB00DBAF83 /* Products */ = {
			isa = PBXGroup;
			children = (
				84384299220466BB00DBAF83 /* libAppCenterReactNativeCrashes.a */,
			);
			name = Products;
			sourceTree = "<group>";
		};
		8438429A220466BB00DBAF83 /* Products */ = {
			isa = PBXGroup;
			children = (
				8438429E220466BB00DBAF83 /* libAppCenterReactNative.a */,
			);
			name = Products;
			sourceTree = "<group>";
		};
		846C03BE22DDB06E0014487A /* Products */ = {
			isa = PBXGroup;
			children = (
				846C03C322DDB06E0014487A /* libRNGestureHandler.a */,
				846C03C522DDB06E0014487A /* libRNGestureHandler-tvOS.a */,
			);
			name = Products;
			sourceTree = "<group>";
		};
		8492B606220422BC006B58A5 /* Recovered References */ = {
			isa = PBXGroup;
			children = (
				7A60114E30BC437F834A0B60 /* libCodePush.a */,
				CF26313900DA468CA2AA7833 /* libRCTVideo.a */,
				E8A94293B2484A31AF21B972 /* libAppCenterReactNative.a */,
				69728A8D00C047DEABEA4938 /* libAppCenterReactNativeAnalytics.a */,
				B23E3AF9AF41433187FDD3F7 /* libAppCenterReactNativeCrashes.a */,
				5D670F17D0A94CA790C86DB0 /* libRCTRestart.a */,
			);
			name = "Recovered References";
			sourceTree = "<group>";
		};
		8492B62C220422BC006B58A5 /* Products */ = {
			isa = PBXGroup;
			children = (
				8492B631220422BC006B58A5 /* libCodePush.a */,
				8492B633220422BC006B58A5 /* libCodePush.a */,
			);
			name = Products;
			sourceTree = "<group>";
		};
		8492B634220422BC006B58A5 /* Products */ = {
			isa = PBXGroup;
			children = (
				8492B639220422BC006B58A5 /* libRCTVideo.a */,
				8492B63B220422BC006B58A5 /* libRCTVideo.a */,
			);
			name = Products;
			sourceTree = "<group>";
		};
/* End PBXGroup section */

/* Begin PBXNativeTarget section */
		00E356ED1AD99517003FC87E /* ICE20Tests */ = {
			isa = PBXNativeTarget;
			buildConfigurationList = 00E357021AD99517003FC87E /* Build configuration list for PBXNativeTarget "ICE20Tests" */;
			buildPhases = (
				00E356EA1AD99517003FC87E /* Sources */,
				00E356EB1AD99517003FC87E /* Frameworks */,
				00E356EC1AD99517003FC87E /* Resources */,
			);
			buildRules = (
			);
			dependencies = (
				00E356F51AD99517003FC87E /* PBXTargetDependency */,
			);
			name = ICE20Tests;
			productName = ICE20Tests;
			productReference = 00E356EE1AD99517003FC87E /* ICE20Tests.xctest */;
			productType = "com.apple.product-type.bundle.unit-test";
		};
		13B07F861A680F5B00A75B9A /* ICE20 */ = {
			isa = PBXNativeTarget;
			buildConfigurationList = 13B07F931A680F5B00A75B9A /* Build configuration list for PBXNativeTarget "ICE20" */;
			buildPhases = (
				7375B250E518FB98C017A677 /* [CP] Check Pods Manifest.lock */,
				13B07F871A680F5B00A75B9A /* Sources */,
				13B07F8C1A680F5B00A75B9A /* Frameworks */,
				13B07F8E1A680F5B00A75B9A /* Resources */,
				00DD1BFF1BD5951E006B06BC /* Bundle React Native code and images */,
				2D0230FA5B943875507978EF /* [CP] Embed Pods Frameworks */,
				CAD0E1DF2F77EF9EB39D21EC /* [CP] Copy Pods Resources */,
			);
			buildRules = (
			);
			dependencies = (
			);
			name = ICE20;
			productName = "Hello World";
			productReference = 13B07F961A680F5B00A75B9A /* ICE20.app */;
			productType = "com.apple.product-type.application";
		};
		2D02E47A1E0B4A5D006451C7 /* ICE20-tvOS */ = {
			isa = PBXNativeTarget;
			buildConfigurationList = 2D02E4BA1E0B4A5E006451C7 /* Build configuration list for PBXNativeTarget "ICE20-tvOS" */;
			buildPhases = (
				2D02E4771E0B4A5D006451C7 /* Sources */,
				2D02E4781E0B4A5D006451C7 /* Frameworks */,
				2D02E4791E0B4A5D006451C7 /* Resources */,
				2D02E4CB1E0B4B27006451C7 /* Bundle React Native Code And Images */,
			);
			buildRules = (
			);
			dependencies = (
			);
			name = "ICE20-tvOS";
			productName = "ICE20-tvOS";
			productReference = 2D02E47B1E0B4A5D006451C7 /* ICE20-tvOS.app */;
			productType = "com.apple.product-type.application";
		};
		2D02E48F1E0B4A5D006451C7 /* ICE20-tvOSTests */ = {
			isa = PBXNativeTarget;
			buildConfigurationList = 2D02E4BB1E0B4A5E006451C7 /* Build configuration list for PBXNativeTarget "ICE20-tvOSTests" */;
			buildPhases = (
				2D02E48C1E0B4A5D006451C7 /* Sources */,
				2D02E48D1E0B4A5D006451C7 /* Frameworks */,
				2D02E48E1E0B4A5D006451C7 /* Resources */,
			);
			buildRules = (
			);
			dependencies = (
				2D02E4921E0B4A5D006451C7 /* PBXTargetDependency */,
			);
			name = "ICE20-tvOSTests";
			productName = "ICE20-tvOSTests";
			productReference = 2D02E4901E0B4A5D006451C7 /* ICE20-tvOSTests.xctest */;
			productType = "com.apple.product-type.bundle.unit-test";
		};
/* End PBXNativeTarget section */

/* Begin PBXProject section */
		83CBB9F71A601CBA00E9B192 /* Project object */ = {
			isa = PBXProject;
			attributes = {
				LastUpgradeCheck = 940;
				ORGANIZATIONNAME = Facebook;
				TargetAttributes = {
					00E356ED1AD99517003FC87E = {
						CreatedOnToolsVersion = 6.2;
						DevelopmentTeam = 8CVVDHEKQE;
						TestTargetID = 13B07F861A680F5B00A75B9A;
					};
					13B07F861A680F5B00A75B9A = {
						DevelopmentTeam = 8CVVDHEKQE;
						SystemCapabilities = {
							com.apple.InterAppAudio = {
								enabled = 0;
							};
						};
					};
					2D02E47A1E0B4A5D006451C7 = {
						CreatedOnToolsVersion = 8.2.1;
						ProvisioningStyle = Automatic;
					};
					2D02E48F1E0B4A5D006451C7 = {
						CreatedOnToolsVersion = 8.2.1;
						ProvisioningStyle = Automatic;
						TestTargetID = 2D02E47A1E0B4A5D006451C7;
					};
				};
			};
			buildConfigurationList = 83CBB9FA1A601CBA00E9B192 /* Build configuration list for PBXProject "ICE20" */;
			compatibilityVersion = "Xcode 3.2";
			developmentRegion = English;
			hasScannedForEncodings = 0;
			knownRegions = (
				en,
				Base,
			);
			mainGroup = 83CBB9F61A601CBA00E9B192;
			productRefGroup = 83CBBA001A601CBA00E9B192 /* Products */;
			projectDirPath = "";
			projectReferences = (
				{
					ProductGroup = 8438429A220466BB00DBAF83 /* Products */;
					ProjectRef = F1A34BFA273C4684B9165E9A /* AppCenterReactNative.xcodeproj */;
				},
				{
					ProductGroup = 84384290220466BA00DBAF83 /* Products */;
					ProjectRef = 322CD6DF5B5C4550A76EEE08 /* AppCenterReactNativeAnalytics.xcodeproj */;
				},
				{
					ProductGroup = 84384295220466BB00DBAF83 /* Products */;
					ProjectRef = C4990ACB1D534CEA8BDA9BCD /* AppCenterReactNativeCrashes.xcodeproj */;
				},
				{
					ProductGroup = 8492B62C220422BC006B58A5 /* Products */;
					ProjectRef = 08D582B88D3846E2B31CFF4F /* CodePush.xcodeproj */;
				},
				{
					ProductGroup = 8492B634220422BC006B58A5 /* Products */;
					ProjectRef = 72A051BDCC1044E9BD4E2C7F /* RCTVideo.xcodeproj */;
				},
				{
					ProductGroup = 146834001AC3E56700842450 /* Products */;
					ProjectRef = 146833FF1AC3E56700842450 /* React.xcodeproj */;
				},
				{
					ProductGroup = 846C03BE22DDB06E0014487A /* Products */;
					ProjectRef = 846C03BD22DDB06E0014487A /* RNGestureHandler.xcodeproj */;
				},
			);
			projectRoot = "";
			targets = (
				13B07F861A680F5B00A75B9A /* ICE20 */,
				00E356ED1AD99517003FC87E /* ICE20Tests */,
				2D02E47A1E0B4A5D006451C7 /* ICE20-tvOS */,
				2D02E48F1E0B4A5D006451C7 /* ICE20-tvOSTests */,
			);
		};
/* End PBXProject section */

/* Begin PBXReferenceProxy section */
		146834041AC3E56700842450 /* libReact.a */ = {
			isa = PBXReferenceProxy;
			fileType = archive.ar;
			path = libReact.a;
			remoteRef = 146834031AC3E56700842450 /* PBXContainerItemProxy */;
			sourceTree = BUILT_PRODUCTS_DIR;
		};
		2DF0FFDF2056DD460020B375 /* libjsinspector.a */ = {
			isa = PBXReferenceProxy;
			fileType = archive.ar;
			path = libjsinspector.a;
			remoteRef = 2DF0FFDE2056DD460020B375 /* PBXContainerItemProxy */;
			sourceTree = BUILT_PRODUCTS_DIR;
		};
		2DF0FFE12056DD460020B375 /* libjsinspector-tvOS.a */ = {
			isa = PBXReferenceProxy;
			fileType = archive.ar;
			path = "libjsinspector-tvOS.a";
			remoteRef = 2DF0FFE02056DD460020B375 /* PBXContainerItemProxy */;
			sourceTree = BUILT_PRODUCTS_DIR;
		};
		2DF0FFE32056DD460020B375 /* libthird-party.a */ = {
			isa = PBXReferenceProxy;
			fileType = archive.ar;
			path = "libthird-party.a";
			remoteRef = 2DF0FFE22056DD460020B375 /* PBXContainerItemProxy */;
			sourceTree = BUILT_PRODUCTS_DIR;
		};
		2DF0FFE52056DD460020B375 /* libthird-party.a */ = {
			isa = PBXReferenceProxy;
			fileType = archive.ar;
			path = "libthird-party.a";
			remoteRef = 2DF0FFE42056DD460020B375 /* PBXContainerItemProxy */;
			sourceTree = BUILT_PRODUCTS_DIR;
		};
		2DF0FFE72056DD460020B375 /* libdouble-conversion.a */ = {
			isa = PBXReferenceProxy;
			fileType = archive.ar;
			path = "libdouble-conversion.a";
			remoteRef = 2DF0FFE62056DD460020B375 /* PBXContainerItemProxy */;
			sourceTree = BUILT_PRODUCTS_DIR;
		};
		2DF0FFE92056DD460020B375 /* libdouble-conversion.a */ = {
			isa = PBXReferenceProxy;
			fileType = archive.ar;
			path = "libdouble-conversion.a";
			remoteRef = 2DF0FFE82056DD460020B375 /* PBXContainerItemProxy */;
			sourceTree = BUILT_PRODUCTS_DIR;
		};
		3DAD3EA31DF850E9000B6D8A /* libReact.a */ = {
			isa = PBXReferenceProxy;
			fileType = archive.ar;
			path = libReact.a;
			remoteRef = 3DAD3EA21DF850E9000B6D8A /* PBXContainerItemProxy */;
			sourceTree = BUILT_PRODUCTS_DIR;
		};
		3DAD3EA51DF850E9000B6D8A /* libyoga.a */ = {
			isa = PBXReferenceProxy;
			fileType = archive.ar;
			path = libyoga.a;
			remoteRef = 3DAD3EA41DF850E9000B6D8A /* PBXContainerItemProxy */;
			sourceTree = BUILT_PRODUCTS_DIR;
		};
		3DAD3EA71DF850E9000B6D8A /* libyoga.a */ = {
			isa = PBXReferenceProxy;
			fileType = archive.ar;
			path = libyoga.a;
			remoteRef = 3DAD3EA61DF850E9000B6D8A /* PBXContainerItemProxy */;
			sourceTree = BUILT_PRODUCTS_DIR;
		};
		3DAD3EA91DF850E9000B6D8A /* libcxxreact.a */ = {
			isa = PBXReferenceProxy;
			fileType = archive.ar;
			path = libcxxreact.a;
			remoteRef = 3DAD3EA81DF850E9000B6D8A /* PBXContainerItemProxy */;
			sourceTree = BUILT_PRODUCTS_DIR;
		};
		3DAD3EAB1DF850E9000B6D8A /* libcxxreact.a */ = {
			isa = PBXReferenceProxy;
			fileType = archive.ar;
			path = libcxxreact.a;
			remoteRef = 3DAD3EAA1DF850E9000B6D8A /* PBXContainerItemProxy */;
			sourceTree = BUILT_PRODUCTS_DIR;
		};
		84384294220466BA00DBAF83 /* libAppCenterReactNativeAnalytics.a */ = {
			isa = PBXReferenceProxy;
			fileType = archive.ar;
			path = libAppCenterReactNativeAnalytics.a;
			remoteRef = 84384293220466BA00DBAF83 /* PBXContainerItemProxy */;
			sourceTree = BUILT_PRODUCTS_DIR;
		};
		84384299220466BB00DBAF83 /* libAppCenterReactNativeCrashes.a */ = {
			isa = PBXReferenceProxy;
			fileType = archive.ar;
			path = libAppCenterReactNativeCrashes.a;
			remoteRef = 84384298220466BB00DBAF83 /* PBXContainerItemProxy */;
			sourceTree = BUILT_PRODUCTS_DIR;
		};
		8438429E220466BB00DBAF83 /* libAppCenterReactNative.a */ = {
			isa = PBXReferenceProxy;
			fileType = archive.ar;
			path = libAppCenterReactNative.a;
			remoteRef = 8438429D220466BB00DBAF83 /* PBXContainerItemProxy */;
			sourceTree = BUILT_PRODUCTS_DIR;
		};
		846C03C322DDB06E0014487A /* libRNGestureHandler.a */ = {
			isa = PBXReferenceProxy;
			fileType = archive.ar;
			path = libRNGestureHandler.a;
			remoteRef = 846C03C222DDB06E0014487A /* PBXContainerItemProxy */;
			sourceTree = BUILT_PRODUCTS_DIR;
		};
		846C03C522DDB06E0014487A /* libRNGestureHandler-tvOS.a */ = {
			isa = PBXReferenceProxy;
			fileType = archive.ar;
			path = "libRNGestureHandler-tvOS.a";
			remoteRef = 846C03C422DDB06E0014487A /* PBXContainerItemProxy */;
			sourceTree = BUILT_PRODUCTS_DIR;
		};
		8492B631220422BC006B58A5 /* libCodePush.a */ = {
			isa = PBXReferenceProxy;
			fileType = archive.ar;
			path = libCodePush.a;
			remoteRef = 8492B630220422BC006B58A5 /* PBXContainerItemProxy */;
			sourceTree = BUILT_PRODUCTS_DIR;
		};
		8492B633220422BC006B58A5 /* libCodePush.a */ = {
			isa = PBXReferenceProxy;
			fileType = archive.ar;
			path = libCodePush.a;
			remoteRef = 8492B632220422BC006B58A5 /* PBXContainerItemProxy */;
			sourceTree = BUILT_PRODUCTS_DIR;
		};
		8492B639220422BC006B58A5 /* libRCTVideo.a */ = {
			isa = PBXReferenceProxy;
			fileType = archive.ar;
			path = libRCTVideo.a;
			remoteRef = 8492B638220422BC006B58A5 /* PBXContainerItemProxy */;
			sourceTree = BUILT_PRODUCTS_DIR;
		};
		8492B63B220422BC006B58A5 /* libRCTVideo.a */ = {
			isa = PBXReferenceProxy;
			fileType = archive.ar;
			path = libRCTVideo.a;
			remoteRef = 8492B63A220422BC006B58A5 /* PBXContainerItemProxy */;
			sourceTree = BUILT_PRODUCTS_DIR;
		};
		84FC534D2297B7A40020373E /* libjsi.a */ = {
			isa = PBXReferenceProxy;
			fileType = archive.ar;
			path = libjsi.a;
			remoteRef = 84FC534C2297B7A40020373E /* PBXContainerItemProxy */;
			sourceTree = BUILT_PRODUCTS_DIR;
		};
		84FC534F2297B7A40020373E /* libjsiexecutor.a */ = {
			isa = PBXReferenceProxy;
			fileType = archive.ar;
			path = libjsiexecutor.a;
			remoteRef = 84FC534E2297B7A40020373E /* PBXContainerItemProxy */;
			sourceTree = BUILT_PRODUCTS_DIR;
		};
		84FC53512297B7A40020373E /* libjsi-tvOS.a */ = {
			isa = PBXReferenceProxy;
			fileType = archive.ar;
			path = "libjsi-tvOS.a";
			remoteRef = 84FC53502297B7A40020373E /* PBXContainerItemProxy */;
			sourceTree = BUILT_PRODUCTS_DIR;
		};
		84FC53532297B7A40020373E /* libjsiexecutor-tvOS.a */ = {
			isa = PBXReferenceProxy;
			fileType = archive.ar;
			path = "libjsiexecutor-tvOS.a";
			remoteRef = 84FC53522297B7A40020373E /* PBXContainerItemProxy */;
			sourceTree = BUILT_PRODUCTS_DIR;
		};
/* End PBXReferenceProxy section */

/* Begin PBXResourcesBuildPhase section */
		00E356EC1AD99517003FC87E /* Resources */ = {
			isa = PBXResourcesBuildPhase;
			buildActionMask = 2147483647;
			files = (
			);
			runOnlyForDeploymentPostprocessing = 0;
		};
		13B07F8E1A680F5B00A75B9A /* Resources */ = {
			isa = PBXResourcesBuildPhase;
			buildActionMask = 2147483647;
			files = (
				842E2241223119C60099FA30 /* FontAwesome5_Solid.ttf in Resources */,
				13B07FBF1A68108700A75B9A /* Images.xcassets in Resources */,
				842E2242223119C60099FA30 /* FontAwesome5_Regular.ttf in Resources */,
				842E223D223119C60099FA30 /* MaterialCommunityIcons.ttf in Resources */,
				842E2244223119C60099FA30 /* Zocial.ttf in Resources */,
				842E2245223119C60099FA30 /* EvilIcons.ttf in Resources */,
				13B07FBD1A68108700A75B9A /* LaunchScreen.xib in Resources */,
				8484F97E2230FA6500144B3F /* AntDesign.ttf in Resources */,
				842E2239223119C60099FA30 /* Octicons.ttf in Resources */,
				8484F990223116F300144B3F /* Ionicons.ttf in Resources */,
				842E223E223119C60099FA30 /* AntDesign.ttf in Resources */,
				8484F9BC223116F900144B3F /* Feather.ttf in Resources */,
				842E223A223119C60099FA30 /* Feather.ttf in Resources */,
				842E223F223119C60099FA30 /* Foundation.ttf in Resources */,
				842E2240223119C60099FA30 /* Ionicons.ttf in Resources */,
				842E223B223119C60099FA30 /* Entypo.ttf in Resources */,
				D803FFF2EC944EEB89F23930 /* AppCenter-Config.plist in Resources */,
				842E2246223119C60099FA30 /* SimpleLineIcons.ttf in Resources */,
				842E223C223119C60099FA30 /* FontAwesome5_Brands.ttf in Resources */,
				842E2243223119C60099FA30 /* FontAwesome.ttf in Resources */,
				842E2247223119C60099FA30 /* MaterialIcons.ttf in Resources */,
			);
			runOnlyForDeploymentPostprocessing = 0;
		};
		2D02E4791E0B4A5D006451C7 /* Resources */ = {
			isa = PBXResourcesBuildPhase;
			buildActionMask = 2147483647;
			files = (
				2D02E4BD1E0B4A84006451C7 /* Images.xcassets in Resources */,
			);
			runOnlyForDeploymentPostprocessing = 0;
		};
		2D02E48E1E0B4A5D006451C7 /* Resources */ = {
			isa = PBXResourcesBuildPhase;
			buildActionMask = 2147483647;
			files = (
			);
			runOnlyForDeploymentPostprocessing = 0;
		};
/* End PBXResourcesBuildPhase section */

/* Begin PBXShellScriptBuildPhase section */
		00DD1BFF1BD5951E006B06BC /* Bundle React Native code and images */ = {
			isa = PBXShellScriptBuildPhase;
			buildActionMask = 2147483647;
			files = (
			);
			inputPaths = (
			);
			name = "Bundle React Native code and images";
			outputPaths = (
			);
			runOnlyForDeploymentPostprocessing = 0;
			shellPath = /bin/sh;
			shellScript = "export NODE_BINARY=node\n../node_modules/react-native/scripts/react-native-xcode.sh\n";
		};
		2D0230FA5B943875507978EF /* [CP] Embed Pods Frameworks */ = {
			isa = PBXShellScriptBuildPhase;
			buildActionMask = 2147483647;
			files = (
			);
			inputPaths = (
				"${PODS_ROOT}/Target Support Files/Pods-ICE20/Pods-ICE20-frameworks.sh",
				"${BUILT_PRODUCTS_DIR}/AWSCore/AWSCore.framework",
				"${BUILT_PRODUCTS_DIR}/AWSDynamoDB/AWSDynamoDB.framework",
				"${BUILT_PRODUCTS_DIR}/DoubleConversion/DoubleConversion.framework",
				"${BUILT_PRODUCTS_DIR}/Folly/folly.framework",
				"${BUILT_PRODUCTS_DIR}/GTMSessionFetcher/GTMSessionFetcher.framework",
				"${BUILT_PRODUCTS_DIR}/GoogleToolboxForMac/GoogleToolboxForMac.framework",
				"${BUILT_PRODUCTS_DIR}/RNScreens/RNScreens.framework",
				"${BUILT_PRODUCTS_DIR}/RNShare/RNShare.framework",
				"${BUILT_PRODUCTS_DIR}/RNVectorIcons/RNVectorIcons.framework",
				"${BUILT_PRODUCTS_DIR}/React/React.framework",
				"${PODS_ROOT}/../../node_modules/react-viro/ios/dist/ViroRenderer/ViroKit.framework",
				"${BUILT_PRODUCTS_DIR}/glog/glog.framework",
				"${BUILT_PRODUCTS_DIR}/react-native-torch/react_native_torch.framework",
				"${BUILT_PRODUCTS_DIR}/yoga/yoga.framework",
			);
			name = "[CP] Embed Pods Frameworks";
			outputPaths = (
				"${TARGET_BUILD_DIR}/${FRAMEWORKS_FOLDER_PATH}/AWSCore.framework",
				"${TARGET_BUILD_DIR}/${FRAMEWORKS_FOLDER_PATH}/AWSDynamoDB.framework",
				"${TARGET_BUILD_DIR}/${FRAMEWORKS_FOLDER_PATH}/DoubleConversion.framework",
				"${TARGET_BUILD_DIR}/${FRAMEWORKS_FOLDER_PATH}/folly.framework",
				"${TARGET_BUILD_DIR}/${FRAMEWORKS_FOLDER_PATH}/GTMSessionFetcher.framework",
				"${TARGET_BUILD_DIR}/${FRAMEWORKS_FOLDER_PATH}/GoogleToolboxForMac.framework",
				"${TARGET_BUILD_DIR}/${FRAMEWORKS_FOLDER_PATH}/RNScreens.framework",
				"${TARGET_BUILD_DIR}/${FRAMEWORKS_FOLDER_PATH}/RNShare.framework",
				"${TARGET_BUILD_DIR}/${FRAMEWORKS_FOLDER_PATH}/RNVectorIcons.framework",
				"${TARGET_BUILD_DIR}/${FRAMEWORKS_FOLDER_PATH}/React.framework",
				"${TARGET_BUILD_DIR}/${FRAMEWORKS_FOLDER_PATH}/ViroKit.framework",
				"${TARGET_BUILD_DIR}/${FRAMEWORKS_FOLDER_PATH}/glog.framework",
				"${TARGET_BUILD_DIR}/${FRAMEWORKS_FOLDER_PATH}/react_native_torch.framework",
				"${TARGET_BUILD_DIR}/${FRAMEWORKS_FOLDER_PATH}/yoga.framework",
			);
			runOnlyForDeploymentPostprocessing = 0;
			shellPath = /bin/sh;
			shellScript = "\"${PODS_ROOT}/Target Support Files/Pods-ICE20/Pods-ICE20-frameworks.sh\"\n";
			showEnvVarsInLog = 0;
		};
		2D02E4CB1E0B4B27006451C7 /* Bundle React Native Code And Images */ = {
			isa = PBXShellScriptBuildPhase;
			buildActionMask = 2147483647;
			files = (
			);
			inputPaths = (
			);
			name = "Bundle React Native Code And Images";
			outputPaths = (
			);
			runOnlyForDeploymentPostprocessing = 0;
			shellPath = /bin/sh;
			shellScript = "export NODE_BINARY=node\n../node_modules/react-native/scripts/react-native-xcode.sh";
		};
		7375B250E518FB98C017A677 /* [CP] Check Pods Manifest.lock */ = {
			isa = PBXShellScriptBuildPhase;
			buildActionMask = 2147483647;
			files = (
			);
			inputFileListPaths = (
			);
			inputPaths = (
				"${PODS_PODFILE_DIR_PATH}/Podfile.lock",
				"${PODS_ROOT}/Manifest.lock",
			);
			name = "[CP] Check Pods Manifest.lock";
			outputFileListPaths = (
			);
			outputPaths = (
				"$(DERIVED_FILE_DIR)/Pods-ICE20-checkManifestLockResult.txt",
			);
			runOnlyForDeploymentPostprocessing = 0;
			shellPath = /bin/sh;
			shellScript = "diff \"${PODS_PODFILE_DIR_PATH}/Podfile.lock\" \"${PODS_ROOT}/Manifest.lock\" > /dev/null\nif [ $? != 0 ] ; then\n    # print error to STDERR\n    echo \"error: The sandbox is not in sync with the Podfile.lock. Run 'pod install' or update your CocoaPods installation.\" >&2\n    exit 1\nfi\n# This output is used by Xcode 'outputs' to avoid re-running this script phase.\necho \"SUCCESS\" > \"${SCRIPT_OUTPUT_FILE_0}\"\n";
			showEnvVarsInLog = 0;
		};
		CAD0E1DF2F77EF9EB39D21EC /* [CP] Copy Pods Resources */ = {
			isa = PBXShellScriptBuildPhase;
			buildActionMask = 2147483647;
			files = (
			);
			inputPaths = (
				"${PODS_ROOT}/Target Support Files/Pods-ICE20/Pods-ICE20-resources.sh",
				"${PODS_ROOT}/GVRSDK/Resources/CardboardSDK.bundle",
				"${PODS_ROOT}/GVRSDK/Resources/GoogleKitCore.bundle",
				"${PODS_ROOT}/GVRSDK/Resources/GoogleKitDialogs.bundle",
				"${PODS_ROOT}/GVRSDK/Resources/GoogleKitHUD.bundle",
				"${PODS_ROOT}/GVRSDK/Resources/MaterialRobotoFontLoader.bundle",
			);
			name = "[CP] Copy Pods Resources";
			outputPaths = (
				"${TARGET_BUILD_DIR}/${UNLOCALIZED_RESOURCES_FOLDER_PATH}/CardboardSDK.bundle",
				"${TARGET_BUILD_DIR}/${UNLOCALIZED_RESOURCES_FOLDER_PATH}/GoogleKitCore.bundle",
				"${TARGET_BUILD_DIR}/${UNLOCALIZED_RESOURCES_FOLDER_PATH}/GoogleKitDialogs.bundle",
				"${TARGET_BUILD_DIR}/${UNLOCALIZED_RESOURCES_FOLDER_PATH}/GoogleKitHUD.bundle",
				"${TARGET_BUILD_DIR}/${UNLOCALIZED_RESOURCES_FOLDER_PATH}/MaterialRobotoFontLoader.bundle",
			);
			runOnlyForDeploymentPostprocessing = 0;
			shellPath = /bin/sh;
			shellScript = "\"${PODS_ROOT}/Target Support Files/Pods-ICE20/Pods-ICE20-resources.sh\"\n";
			showEnvVarsInLog = 0;
		};
/* End PBXShellScriptBuildPhase section */

/* Begin PBXSourcesBuildPhase section */
		00E356EA1AD99517003FC87E /* Sources */ = {
			isa = PBXSourcesBuildPhase;
			buildActionMask = 2147483647;
			files = (
				00E356F31AD99517003FC87E /* ICE20Tests.m in Sources */,
			);
			runOnlyForDeploymentPostprocessing = 0;
		};
		13B07F871A680F5B00A75B9A /* Sources */ = {
			isa = PBXSourcesBuildPhase;
			buildActionMask = 2147483647;
			files = (
				13B07FBC1A68108700A75B9A /* AppDelegate.m in Sources */,
				13B07FC11A68108700A75B9A /* main.m in Sources */,
			);
			runOnlyForDeploymentPostprocessing = 0;
		};
		2D02E4771E0B4A5D006451C7 /* Sources */ = {
			isa = PBXSourcesBuildPhase;
			buildActionMask = 2147483647;
			files = (
				2D02E4BF1E0B4AB3006451C7 /* main.m in Sources */,
				2D02E4BC1E0B4A80006451C7 /* AppDelegate.m in Sources */,
			);
			runOnlyForDeploymentPostprocessing = 0;
		};
		2D02E48C1E0B4A5D006451C7 /* Sources */ = {
			isa = PBXSourcesBuildPhase;
			buildActionMask = 2147483647;
			files = (
				2DCD954D1E0B4F2C00145EB5 /* ICE20Tests.m in Sources */,
			);
			runOnlyForDeploymentPostprocessing = 0;
		};
/* End PBXSourcesBuildPhase section */

/* Begin PBXTargetDependency section */
		00E356F51AD99517003FC87E /* PBXTargetDependency */ = {
			isa = PBXTargetDependency;
			target = 13B07F861A680F5B00A75B9A /* ICE20 */;
			targetProxy = 00E356F41AD99517003FC87E /* PBXContainerItemProxy */;
		};
		2D02E4921E0B4A5D006451C7 /* PBXTargetDependency */ = {
			isa = PBXTargetDependency;
			target = 2D02E47A1E0B4A5D006451C7 /* ICE20-tvOS */;
			targetProxy = 2D02E4911E0B4A5D006451C7 /* PBXContainerItemProxy */;
		};
/* End PBXTargetDependency section */

/* Begin PBXVariantGroup section */
		13B07FB11A68108700A75B9A /* LaunchScreen.xib */ = {
			isa = PBXVariantGroup;
			children = (
				13B07FB21A68108700A75B9A /* Base */,
			);
			name = LaunchScreen.xib;
			path = ICE20;
			sourceTree = "<group>";
		};
/* End PBXVariantGroup section */

/* Begin XCBuildConfiguration section */
		00E356F61AD99517003FC87E /* Debug */ = {
			isa = XCBuildConfiguration;
			buildSettings = {
				BUNDLE_LOADER = "$(TEST_HOST)";
				DEVELOPMENT_TEAM = 8CVVDHEKQE;
				ENABLE_BITCODE = NO;
				GCC_PREPROCESSOR_DEFINITIONS = (
					"DEBUG=1",
					"$(inherited)",
				);
				HEADER_SEARCH_PATHS = (
					"$(inherited)",
					"$(SRCROOT)/../node_modules/react-native-code-push/ios/CodePush/**",
					"$(SRCROOT)/../node_modules/react-native-video/ios/**",
					"$(SRCROOT)/../node_modules/appcenter/ios/AppCenterReactNative",
					"$(SRCROOT)/../node_modules/appcenter-analytics/ios/AppCenterReactNativeAnalytics",
					"$(SRCROOT)/../node_modules/appcenter-crashes/ios/AppCenterReactNativeCrashes",
					"$(SRCROOT)/../node_modules/react-native-restart/ios/RCTRestart",
				);
				INFOPLIST_FILE = ICE20Tests/Info.plist;
				IPHONEOS_DEPLOYMENT_TARGET = 9.0;
				LD_RUNPATH_SEARCH_PATHS = "$(inherited) @executable_path/Frameworks @loader_path/Frameworks";
				LIBRARY_SEARCH_PATHS = (
					"$(inherited)",
					"\"$(SRCROOT)/$(TARGET_NAME)\"",
					"\"$(SRCROOT)/$(TARGET_NAME)\"",
					"\"$(SRCROOT)/$(TARGET_NAME)\"",
					"\"$(SRCROOT)/$(TARGET_NAME)\"",
					"\"$(SRCROOT)/$(TARGET_NAME)\"",
					"\"$(SRCROOT)/$(TARGET_NAME)\"",
				);
				OTHER_LDFLAGS = (
					"-ObjC",
					"-lc++",
				);
				PRODUCT_BUNDLE_IDENTIFIER = "org.reactjs.native.example.$(PRODUCT_NAME:rfc1034identifier)";
				PRODUCT_NAME = "$(TARGET_NAME)";
				TEST_HOST = "$(BUILT_PRODUCTS_DIR)/ICE20.app/ICE20";
			};
			name = Debug;
		};
		00E356F71AD99517003FC87E /* Release */ = {
			isa = XCBuildConfiguration;
			buildSettings = {
				BUNDLE_LOADER = "$(TEST_HOST)";
				COPY_PHASE_STRIP = NO;
				DEVELOPMENT_TEAM = 8CVVDHEKQE;
				ENABLE_BITCODE = NO;
				HEADER_SEARCH_PATHS = (
					"$(inherited)",
					"$(SRCROOT)/../node_modules/react-native-code-push/ios/CodePush/**",
					"$(SRCROOT)/../node_modules/react-native-video/ios/**",
					"$(SRCROOT)/../node_modules/appcenter/ios/AppCenterReactNative",
					"$(SRCROOT)/../node_modules/appcenter-analytics/ios/AppCenterReactNativeAnalytics",
					"$(SRCROOT)/../node_modules/appcenter-crashes/ios/AppCenterReactNativeCrashes",
					"$(SRCROOT)/../node_modules/react-native-restart/ios/RCTRestart",
				);
				INFOPLIST_FILE = ICE20Tests/Info.plist;
				IPHONEOS_DEPLOYMENT_TARGET = 9.0;
				LD_RUNPATH_SEARCH_PATHS = "$(inherited) @executable_path/Frameworks @loader_path/Frameworks";
				LIBRARY_SEARCH_PATHS = (
					"$(inherited)",
					"\"$(SRCROOT)/$(TARGET_NAME)\"",
					"\"$(SRCROOT)/$(TARGET_NAME)\"",
					"\"$(SRCROOT)/$(TARGET_NAME)\"",
					"\"$(SRCROOT)/$(TARGET_NAME)\"",
					"\"$(SRCROOT)/$(TARGET_NAME)\"",
					"\"$(SRCROOT)/$(TARGET_NAME)\"",
				);
				OTHER_LDFLAGS = (
					"-ObjC",
					"-lc++",
				);
				PRODUCT_BUNDLE_IDENTIFIER = "org.reactjs.native.example.$(PRODUCT_NAME:rfc1034identifier)";
				PRODUCT_NAME = "$(TARGET_NAME)";
				TEST_HOST = "$(BUILT_PRODUCTS_DIR)/ICE20.app/ICE20";
			};
			name = Release;
		};
		13B07F941A680F5B00A75B9A /* Debug */ = {
			isa = XCBuildConfiguration;
			baseConfigurationReference = F7E7BD22D8B5302F01CB4F96 /* Pods-ICE20.debug.xcconfig */;
			buildSettings = {
				ASSETCATALOG_COMPILER_APPICON_NAME = AppIcon;
				CODEPUSH_KEY = IHxtnWkCXZUlky0IQJBhyrDMaApEr1vvJiW4N;
				CURRENT_PROJECT_VERSION = 1;
				DEAD_CODE_STRIPPING = NO;
				DEVELOPMENT_TEAM = 8CVVDHEKQE;
				ENABLE_BITCODE = NO;
				HEADER_SEARCH_PATHS = (
					"$(inherited)",
					"$(SRCROOT)/../node_modules/react-native-code-push/ios/CodePush/**",
					"$(SRCROOT)/../node_modules/react-native-video/ios/**",
					"$(SRCROOT)/../node_modules/appcenter/ios/AppCenterReactNative",
					"$(SRCROOT)/../node_modules/appcenter-analytics/ios/AppCenterReactNativeAnalytics",
					"$(SRCROOT)/../node_modules/appcenter-crashes/ios/AppCenterReactNativeCrashes",
					"$(SRCROOT)/../node_modules/react-native-restart/ios/RCTRestart",
				);
				INFOPLIST_FILE = ICE20/Info.plist;
				IPHONEOS_DEPLOYMENT_TARGET = 11.0;
				LD_RUNPATH_SEARCH_PATHS = "$(inherited) @executable_path/Frameworks";
				LIBRARY_SEARCH_PATHS = (
					"$(inherited)",
					"$(PROJECT_DIR)",
				);
				OTHER_LDFLAGS = (
					"$(inherited)",
					"-ObjC",
					"-lc++",
				);
				PRODUCT_BUNDLE_IDENTIFIER = org.pgar.ICE2.0;
				PRODUCT_NAME = ICE20;
				TARGETED_DEVICE_FAMILY = "1,2";
				VERSIONING_SYSTEM = "apple-generic";
			};
			name = Debug;
		};
		13B07F951A680F5B00A75B9A /* Release */ = {
			isa = XCBuildConfiguration;
			baseConfigurationReference = 183EDC75670A1618F0CA28B7 /* Pods-ICE20.release.xcconfig */;
			buildSettings = {
				ASSETCATALOG_COMPILER_APPICON_NAME = AppIcon;
				CURRENT_PROJECT_VERSION = 1;
				DEVELOPMENT_TEAM = 8CVVDHEKQE;
				ENABLE_BITCODE = NO;
				HEADER_SEARCH_PATHS = (
					"$(inherited)",
					"$(SRCROOT)/../node_modules/react-native-code-push/ios/CodePush/**",
					"$(SRCROOT)/../node_modules/react-native-video/ios/**",
					"$(SRCROOT)/../node_modules/appcenter/ios/AppCenterReactNative",
					"$(SRCROOT)/../node_modules/appcenter-analytics/ios/AppCenterReactNativeAnalytics",
					"$(SRCROOT)/../node_modules/appcenter-crashes/ios/AppCenterReactNativeCrashes",
					"$(SRCROOT)/../node_modules/react-native-restart/ios/RCTRestart",
				);
				INFOPLIST_FILE = ICE20/Info.plist;
				IPHONEOS_DEPLOYMENT_TARGET = 11.0;
				LD_RUNPATH_SEARCH_PATHS = "$(inherited) @executable_path/Frameworks";
				LIBRARY_SEARCH_PATHS = (
					"$(inherited)",
					"$(PROJECT_DIR)",
				);
				OTHER_LDFLAGS = (
					"$(inherited)",
					"-ObjC",
					"-lc++",
				);
				PRODUCT_BUNDLE_IDENTIFIER = org.pgar.ICE2.0;
				PRODUCT_NAME = ICE20;
				TARGETED_DEVICE_FAMILY = "1,2";
				VERSIONING_SYSTEM = "apple-generic";
			};
			name = Release;
		};
		2D02E4971E0B4A5E006451C7 /* Debug */ = {
			isa = XCBuildConfiguration;
			buildSettings = {
				ASSETCATALOG_COMPILER_APPICON_NAME = "App Icon & Top Shelf Image";
				ASSETCATALOG_COMPILER_LAUNCHIMAGE_NAME = LaunchImage;
				CLANG_ANALYZER_NONNULL = YES;
				CLANG_WARN_DOCUMENTATION_COMMENTS = YES;
				CLANG_WARN_INFINITE_RECURSION = YES;
				CLANG_WARN_SUSPICIOUS_MOVE = YES;
				DEBUG_INFORMATION_FORMAT = dwarf;
				ENABLE_TESTABILITY = YES;
				GCC_NO_COMMON_BLOCKS = YES;
				HEADER_SEARCH_PATHS = (
					"$(inherited)",
					"$(SRCROOT)/../node_modules/react-native-code-push/ios/CodePush/**",
					"$(SRCROOT)/../node_modules/react-native-video/ios/**",
					"$(SRCROOT)/../node_modules/appcenter/ios/AppCenterReactNative",
					"$(SRCROOT)/../node_modules/appcenter-analytics/ios/AppCenterReactNativeAnalytics",
					"$(SRCROOT)/../node_modules/appcenter-crashes/ios/AppCenterReactNativeCrashes",
					"$(SRCROOT)/../node_modules/react-native-restart/ios/RCTRestart",
				);
				INFOPLIST_FILE = "ICE20-tvOS/Info.plist";
				LD_RUNPATH_SEARCH_PATHS = "$(inherited) @executable_path/Frameworks";
				LIBRARY_SEARCH_PATHS = (
					"$(inherited)",
					"\"$(SRCROOT)/$(TARGET_NAME)\"",
					"\"$(SRCROOT)/$(TARGET_NAME)\"",
					"\"$(SRCROOT)/$(TARGET_NAME)\"",
					"\"$(SRCROOT)/$(TARGET_NAME)\"",
					"\"$(SRCROOT)/$(TARGET_NAME)\"",
					"\"$(SRCROOT)/$(TARGET_NAME)\"",
				);
				OTHER_LDFLAGS = (
					"-ObjC",
					"-lc++",
				);
				PRODUCT_BUNDLE_IDENTIFIER = "com.facebook.REACT.ICE20-tvOS";
				PRODUCT_NAME = "$(TARGET_NAME)";
				SDKROOT = appletvos;
				TARGETED_DEVICE_FAMILY = 3;
				TVOS_DEPLOYMENT_TARGET = 11.0;
			};
			name = Debug;
		};
		2D02E4981E0B4A5E006451C7 /* Release */ = {
			isa = XCBuildConfiguration;
			buildSettings = {
				ASSETCATALOG_COMPILER_APPICON_NAME = "App Icon & Top Shelf Image";
				ASSETCATALOG_COMPILER_LAUNCHIMAGE_NAME = LaunchImage;
				CLANG_ANALYZER_NONNULL = YES;
				CLANG_WARN_DOCUMENTATION_COMMENTS = YES;
				CLANG_WARN_INFINITE_RECURSION = YES;
				CLANG_WARN_SUSPICIOUS_MOVE = YES;
				COPY_PHASE_STRIP = NO;
				DEBUG_INFORMATION_FORMAT = "dwarf-with-dsym";
				GCC_NO_COMMON_BLOCKS = YES;
				HEADER_SEARCH_PATHS = (
					"$(inherited)",
					"$(SRCROOT)/../node_modules/react-native-code-push/ios/CodePush/**",
					"$(SRCROOT)/../node_modules/react-native-video/ios/**",
					"$(SRCROOT)/../node_modules/appcenter/ios/AppCenterReactNative",
					"$(SRCROOT)/../node_modules/appcenter-analytics/ios/AppCenterReactNativeAnalytics",
					"$(SRCROOT)/../node_modules/appcenter-crashes/ios/AppCenterReactNativeCrashes",
					"$(SRCROOT)/../node_modules/react-native-restart/ios/RCTRestart",
				);
				INFOPLIST_FILE = "ICE20-tvOS/Info.plist";
				LD_RUNPATH_SEARCH_PATHS = "$(inherited) @executable_path/Frameworks";
				LIBRARY_SEARCH_PATHS = (
					"$(inherited)",
					"\"$(SRCROOT)/$(TARGET_NAME)\"",
					"\"$(SRCROOT)/$(TARGET_NAME)\"",
					"\"$(SRCROOT)/$(TARGET_NAME)\"",
					"\"$(SRCROOT)/$(TARGET_NAME)\"",
					"\"$(SRCROOT)/$(TARGET_NAME)\"",
					"\"$(SRCROOT)/$(TARGET_NAME)\"",
				);
				OTHER_LDFLAGS = (
					"-ObjC",
					"-lc++",
				);
				PRODUCT_BUNDLE_IDENTIFIER = "com.facebook.REACT.ICE20-tvOS";
				PRODUCT_NAME = "$(TARGET_NAME)";
				SDKROOT = appletvos;
				TARGETED_DEVICE_FAMILY = 3;
				TVOS_DEPLOYMENT_TARGET = 11.0;
			};
			name = Release;
		};
		2D02E4991E0B4A5E006451C7 /* Debug */ = {
			isa = XCBuildConfiguration;
			buildSettings = {
				BUNDLE_LOADER = "$(TEST_HOST)";
				CLANG_ANALYZER_NONNULL = YES;
				CLANG_WARN_DOCUMENTATION_COMMENTS = YES;
				CLANG_WARN_INFINITE_RECURSION = YES;
				CLANG_WARN_SUSPICIOUS_MOVE = YES;
				DEBUG_INFORMATION_FORMAT = dwarf;
				ENABLE_TESTABILITY = YES;
				GCC_NO_COMMON_BLOCKS = YES;
				HEADER_SEARCH_PATHS = (
					"$(inherited)",
					"$(SRCROOT)/../node_modules/react-native-code-push/ios/CodePush/**",
					"$(SRCROOT)/../node_modules/react-native-video/ios/**",
					"$(SRCROOT)/../node_modules/appcenter/ios/AppCenterReactNative",
					"$(SRCROOT)/../node_modules/appcenter-analytics/ios/AppCenterReactNativeAnalytics",
					"$(SRCROOT)/../node_modules/appcenter-crashes/ios/AppCenterReactNativeCrashes",
					"$(SRCROOT)/../node_modules/react-native-restart/ios/RCTRestart",
				);
				INFOPLIST_FILE = "ICE20-tvOSTests/Info.plist";
				LD_RUNPATH_SEARCH_PATHS = "$(inherited) @executable_path/Frameworks @loader_path/Frameworks";
				LIBRARY_SEARCH_PATHS = (
					"$(inherited)",
					"\"$(SRCROOT)/$(TARGET_NAME)\"",
					"\"$(SRCROOT)/$(TARGET_NAME)\"",
					"\"$(SRCROOT)/$(TARGET_NAME)\"",
					"\"$(SRCROOT)/$(TARGET_NAME)\"",
					"\"$(SRCROOT)/$(TARGET_NAME)\"",
					"\"$(SRCROOT)/$(TARGET_NAME)\"",
				);
				OTHER_LDFLAGS = (
					"-ObjC",
					"-lc++",
				);
				PRODUCT_BUNDLE_IDENTIFIER = "com.facebook.REACT.ICE20-tvOSTests";
				PRODUCT_NAME = "$(TARGET_NAME)";
				SDKROOT = appletvos;
				TEST_HOST = "$(BUILT_PRODUCTS_DIR)/ICE20-tvOS.app/ICE20-tvOS";
				TVOS_DEPLOYMENT_TARGET = 10.1;
			};
			name = Debug;
		};
		2D02E49A1E0B4A5E006451C7 /* Release */ = {
			isa = XCBuildConfiguration;
			buildSettings = {
				BUNDLE_LOADER = "$(TEST_HOST)";
				CLANG_ANALYZER_NONNULL = YES;
				CLANG_WARN_DOCUMENTATION_COMMENTS = YES;
				CLANG_WARN_INFINITE_RECURSION = YES;
				CLANG_WARN_SUSPICIOUS_MOVE = YES;
				COPY_PHASE_STRIP = NO;
				DEBUG_INFORMATION_FORMAT = "dwarf-with-dsym";
				GCC_NO_COMMON_BLOCKS = YES;
				HEADER_SEARCH_PATHS = (
					"$(inherited)",
					"$(SRCROOT)/../node_modules/react-native-code-push/ios/CodePush/**",
					"$(SRCROOT)/../node_modules/react-native-video/ios/**",
					"$(SRCROOT)/../node_modules/appcenter/ios/AppCenterReactNative",
					"$(SRCROOT)/../node_modules/appcenter-analytics/ios/AppCenterReactNativeAnalytics",
					"$(SRCROOT)/../node_modules/appcenter-crashes/ios/AppCenterReactNativeCrashes",
					"$(SRCROOT)/../node_modules/react-native-restart/ios/RCTRestart",
				);
				INFOPLIST_FILE = "ICE20-tvOSTests/Info.plist";
				LD_RUNPATH_SEARCH_PATHS = "$(inherited) @executable_path/Frameworks @loader_path/Frameworks";
				LIBRARY_SEARCH_PATHS = (
					"$(inherited)",
					"\"$(SRCROOT)/$(TARGET_NAME)\"",
					"\"$(SRCROOT)/$(TARGET_NAME)\"",
					"\"$(SRCROOT)/$(TARGET_NAME)\"",
					"\"$(SRCROOT)/$(TARGET_NAME)\"",
					"\"$(SRCROOT)/$(TARGET_NAME)\"",
					"\"$(SRCROOT)/$(TARGET_NAME)\"",
				);
				OTHER_LDFLAGS = (
					"-ObjC",
					"-lc++",
				);
				PRODUCT_BUNDLE_IDENTIFIER = "com.facebook.REACT.ICE20-tvOSTests";
				PRODUCT_NAME = "$(TARGET_NAME)";
				SDKROOT = appletvos;
				TEST_HOST = "$(BUILT_PRODUCTS_DIR)/ICE20-tvOS.app/ICE20-tvOS";
				TVOS_DEPLOYMENT_TARGET = 10.1;
			};
			name = Release;
		};
		83CBBA201A601CBA00E9B192 /* Debug */ = {
			isa = XCBuildConfiguration;
			buildSettings = {
				ALWAYS_SEARCH_USER_PATHS = NO;
				CLANG_CXX_LANGUAGE_STANDARD = "gnu++0x";
				CLANG_CXX_LIBRARY = "libc++";
				CLANG_ENABLE_MODULES = YES;
				CLANG_ENABLE_OBJC_ARC = YES;
				CLANG_WARN_BLOCK_CAPTURE_AUTORELEASING = YES;
				CLANG_WARN_BOOL_CONVERSION = YES;
				CLANG_WARN_COMMA = YES;
				CLANG_WARN_CONSTANT_CONVERSION = YES;
				CLANG_WARN_DEPRECATED_OBJC_IMPLEMENTATIONS = YES;
				CLANG_WARN_DIRECT_OBJC_ISA_USAGE = YES_ERROR;
				CLANG_WARN_EMPTY_BODY = YES;
				CLANG_WARN_ENUM_CONVERSION = YES;
				CLANG_WARN_INFINITE_RECURSION = YES;
				CLANG_WARN_INT_CONVERSION = YES;
				CLANG_WARN_NON_LITERAL_NULL_CONVERSION = YES;
				CLANG_WARN_OBJC_IMPLICIT_RETAIN_SELF = YES;
				CLANG_WARN_OBJC_LITERAL_CONVERSION = YES;
				CLANG_WARN_OBJC_ROOT_CLASS = YES_ERROR;
				CLANG_WARN_RANGE_LOOP_ANALYSIS = YES;
				CLANG_WARN_STRICT_PROTOTYPES = YES;
				CLANG_WARN_SUSPICIOUS_MOVE = YES;
				CLANG_WARN_UNREACHABLE_CODE = YES;
				CLANG_WARN__DUPLICATE_METHOD_MATCH = YES;
				CODEPUSH_KEY = IHxtnWkCXZUlky0IQJBhyrDMaApEr1vvJiW4N;
				"CODE_SIGN_IDENTITY[sdk=iphoneos*]" = "iPhone Developer";
				COPY_PHASE_STRIP = NO;
				ENABLE_BITCODE = NO;
				ENABLE_STRICT_OBJC_MSGSEND = YES;
				ENABLE_TESTABILITY = YES;
				GCC_C_LANGUAGE_STANDARD = gnu99;
				GCC_DYNAMIC_NO_PIC = NO;
				GCC_NO_COMMON_BLOCKS = YES;
				GCC_OPTIMIZATION_LEVEL = 0;
				GCC_PREPROCESSOR_DEFINITIONS = (
					"DEBUG=1",
					"$(inherited)",
				);
				GCC_SYMBOLS_PRIVATE_EXTERN = NO;
				GCC_WARN_64_TO_32_BIT_CONVERSION = YES;
				GCC_WARN_ABOUT_RETURN_TYPE = YES_ERROR;
				GCC_WARN_UNDECLARED_SELECTOR = YES;
				GCC_WARN_UNINITIALIZED_AUTOS = YES_AGGRESSIVE;
				GCC_WARN_UNUSED_FUNCTION = YES;
				GCC_WARN_UNUSED_VARIABLE = YES;
				IPHONEOS_DEPLOYMENT_TARGET = 11.0;
				MTL_ENABLE_DEBUG_INFO = YES;
				ONLY_ACTIVE_ARCH = YES;
				SDKROOT = iphoneos;
			};
			name = Debug;
		};
		83CBBA211A601CBA00E9B192 /* Release */ = {
			isa = XCBuildConfiguration;
			buildSettings = {
				ALWAYS_SEARCH_USER_PATHS = NO;
				CLANG_CXX_LANGUAGE_STANDARD = "gnu++0x";
				CLANG_CXX_LIBRARY = "libc++";
				CLANG_ENABLE_MODULES = YES;
				CLANG_ENABLE_OBJC_ARC = YES;
				CLANG_WARN_BLOCK_CAPTURE_AUTORELEASING = YES;
				CLANG_WARN_BOOL_CONVERSION = YES;
				CLANG_WARN_COMMA = YES;
				CLANG_WARN_CONSTANT_CONVERSION = YES;
				CLANG_WARN_DEPRECATED_OBJC_IMPLEMENTATIONS = YES;
				CLANG_WARN_DIRECT_OBJC_ISA_USAGE = YES_ERROR;
				CLANG_WARN_EMPTY_BODY = YES;
				CLANG_WARN_ENUM_CONVERSION = YES;
				CLANG_WARN_INFINITE_RECURSION = YES;
				CLANG_WARN_INT_CONVERSION = YES;
				CLANG_WARN_NON_LITERAL_NULL_CONVERSION = YES;
				CLANG_WARN_OBJC_IMPLICIT_RETAIN_SELF = YES;
				CLANG_WARN_OBJC_LITERAL_CONVERSION = YES;
				CLANG_WARN_OBJC_ROOT_CLASS = YES_ERROR;
				CLANG_WARN_RANGE_LOOP_ANALYSIS = YES;
				CLANG_WARN_STRICT_PROTOTYPES = YES;
				CLANG_WARN_SUSPICIOUS_MOVE = YES;
				CLANG_WARN_UNREACHABLE_CODE = YES;
				CLANG_WARN__DUPLICATE_METHOD_MATCH = YES;
				CODEPUSH_KEY = "giMb817KrtTFkIuOg4i5ohnEUDyoBJvD1i-VN";
				"CODE_SIGN_IDENTITY[sdk=iphoneos*]" = "iPhone Developer";
				COPY_PHASE_STRIP = YES;
				ENABLE_BITCODE = NO;
				ENABLE_NS_ASSERTIONS = NO;
				ENABLE_STRICT_OBJC_MSGSEND = YES;
				GCC_C_LANGUAGE_STANDARD = gnu99;
				GCC_NO_COMMON_BLOCKS = YES;
				GCC_WARN_64_TO_32_BIT_CONVERSION = YES;
				GCC_WARN_ABOUT_RETURN_TYPE = YES_ERROR;
				GCC_WARN_UNDECLARED_SELECTOR = YES;
				GCC_WARN_UNINITIALIZED_AUTOS = YES_AGGRESSIVE;
				GCC_WARN_UNUSED_FUNCTION = YES;
				GCC_WARN_UNUSED_VARIABLE = YES;
				IPHONEOS_DEPLOYMENT_TARGET = 11.0;
				MTL_ENABLE_DEBUG_INFO = NO;
				SDKROOT = iphoneos;
				VALIDATE_PRODUCT = YES;
			};
			name = Release;
		};
		8492B673220425B3006B58A5 /* Staging */ = {
			isa = XCBuildConfiguration;
			buildSettings = {
				ALWAYS_SEARCH_USER_PATHS = NO;
				CLANG_CXX_LANGUAGE_STANDARD = "gnu++0x";
				CLANG_CXX_LIBRARY = "libc++";
				CLANG_ENABLE_MODULES = YES;
				CLANG_ENABLE_OBJC_ARC = YES;
				CLANG_WARN_BLOCK_CAPTURE_AUTORELEASING = YES;
				CLANG_WARN_BOOL_CONVERSION = YES;
				CLANG_WARN_COMMA = YES;
				CLANG_WARN_CONSTANT_CONVERSION = YES;
				CLANG_WARN_DEPRECATED_OBJC_IMPLEMENTATIONS = YES;
				CLANG_WARN_DIRECT_OBJC_ISA_USAGE = YES_ERROR;
				CLANG_WARN_EMPTY_BODY = YES;
				CLANG_WARN_ENUM_CONVERSION = YES;
				CLANG_WARN_INFINITE_RECURSION = YES;
				CLANG_WARN_INT_CONVERSION = YES;
				CLANG_WARN_NON_LITERAL_NULL_CONVERSION = YES;
				CLANG_WARN_OBJC_IMPLICIT_RETAIN_SELF = YES;
				CLANG_WARN_OBJC_LITERAL_CONVERSION = YES;
				CLANG_WARN_OBJC_ROOT_CLASS = YES_ERROR;
				CLANG_WARN_RANGE_LOOP_ANALYSIS = YES;
				CLANG_WARN_STRICT_PROTOTYPES = YES;
				CLANG_WARN_SUSPICIOUS_MOVE = YES;
				CLANG_WARN_UNREACHABLE_CODE = YES;
				CLANG_WARN__DUPLICATE_METHOD_MATCH = YES;
				CODEPUSH_KEY = IHxtnWkCXZUlky0IQJBhyrDMaApEr1vvJiW4N;
				"CODE_SIGN_IDENTITY[sdk=iphoneos*]" = "iPhone Developer";
				CONFIGURATION_BUILD_DIR = "$(BUILD_DIR)/Release$(EFFECTIVE_PLATFORM_NAME)";
				CONFIGURATION_TEMP_DIR = "$(PROJECT_TEMP_DIR)/$(CONFIGURATION)$(EFFECTIVE_PLATFORM_NAME)";
				COPY_PHASE_STRIP = YES;
				ENABLE_BITCODE = NO;
				ENABLE_NS_ASSERTIONS = NO;
				ENABLE_STRICT_OBJC_MSGSEND = YES;
				GCC_C_LANGUAGE_STANDARD = gnu99;
				GCC_NO_COMMON_BLOCKS = YES;
				GCC_WARN_64_TO_32_BIT_CONVERSION = YES;
				GCC_WARN_ABOUT_RETURN_TYPE = YES_ERROR;
				GCC_WARN_UNDECLARED_SELECTOR = YES;
				GCC_WARN_UNINITIALIZED_AUTOS = YES_AGGRESSIVE;
				GCC_WARN_UNUSED_FUNCTION = YES;
				GCC_WARN_UNUSED_VARIABLE = YES;
				IPHONEOS_DEPLOYMENT_TARGET = 11.0;
				MTL_ENABLE_DEBUG_INFO = NO;
				SDKROOT = iphoneos;
				VALIDATE_PRODUCT = YES;
			};
			name = Staging;
		};
		8492B674220425B3006B58A5 /* Staging */ = {
			isa = XCBuildConfiguration;
			baseConfigurationReference = FCBD047CE77FBDE7D7BDABA7 /* Pods-ICE20.staging.xcconfig */;
			buildSettings = {
				ASSETCATALOG_COMPILER_APPICON_NAME = AppIcon;
				CURRENT_PROJECT_VERSION = 1;
				DEVELOPMENT_TEAM = 8CVVDHEKQE;
				ENABLE_BITCODE = NO;
				HEADER_SEARCH_PATHS = (
					"$(inherited)",
					"$(SRCROOT)/../node_modules/react-native-code-push/ios/CodePush/**",
					"$(SRCROOT)/../node_modules/react-native-video/ios/**",
					"$(SRCROOT)/../node_modules/appcenter/ios/AppCenterReactNative",
					"$(SRCROOT)/../node_modules/appcenter-analytics/ios/AppCenterReactNativeAnalytics",
					"$(SRCROOT)/../node_modules/appcenter-crashes/ios/AppCenterReactNativeCrashes",
					"$(SRCROOT)/../node_modules/react-native-restart/ios/RCTRestart",
				);
				INFOPLIST_FILE = ICE20/Info.plist;
				IPHONEOS_DEPLOYMENT_TARGET = 11.0;
				LD_RUNPATH_SEARCH_PATHS = "$(inherited) @executable_path/Frameworks";
				LIBRARY_SEARCH_PATHS = (
					"$(inherited)",
					"$(PROJECT_DIR)",
				);
				OTHER_LDFLAGS = (
					"$(inherited)",
					"-ObjC",
					"-lc++",
				);
				PODS_CONFIGURATION_BUILD_DIR = "${PODS_BUILD_DIR}/Release$(EFFECTIVE_PLATFORM_NAME)";
				PRODUCT_BUNDLE_IDENTIFIER = org.pgar.ICE2.0;
				PRODUCT_NAME = ICE20;
				TARGETED_DEVICE_FAMILY = "1,2";
				VERSIONING_SYSTEM = "apple-generic";
			};
			name = Staging;
		};
		8492B675220425B3006B58A5 /* Staging */ = {
			isa = XCBuildConfiguration;
			buildSettings = {
				BUNDLE_LOADER = "$(TEST_HOST)";
				COPY_PHASE_STRIP = NO;
				DEVELOPMENT_TEAM = 8CVVDHEKQE;
				ENABLE_BITCODE = NO;
				HEADER_SEARCH_PATHS = (
					"$(inherited)",
					"$(SRCROOT)/../node_modules/react-native-code-push/ios/CodePush/**",
					"$(SRCROOT)/../node_modules/react-native-video/ios/**",
					"$(SRCROOT)/../node_modules/appcenter/ios/AppCenterReactNative",
					"$(SRCROOT)/../node_modules/appcenter-analytics/ios/AppCenterReactNativeAnalytics",
					"$(SRCROOT)/../node_modules/appcenter-crashes/ios/AppCenterReactNativeCrashes",
					"$(SRCROOT)/../node_modules/react-native-restart/ios/RCTRestart",
				);
				INFOPLIST_FILE = ICE20Tests/Info.plist;
				IPHONEOS_DEPLOYMENT_TARGET = 9.0;
				LD_RUNPATH_SEARCH_PATHS = "$(inherited) @executable_path/Frameworks @loader_path/Frameworks";
				LIBRARY_SEARCH_PATHS = (
					"$(inherited)",
					"\"$(SRCROOT)/$(TARGET_NAME)\"",
					"\"$(SRCROOT)/$(TARGET_NAME)\"",
					"\"$(SRCROOT)/$(TARGET_NAME)\"",
					"\"$(SRCROOT)/$(TARGET_NAME)\"",
					"\"$(SRCROOT)/$(TARGET_NAME)\"",
					"\"$(SRCROOT)/$(TARGET_NAME)\"",
				);
				OTHER_LDFLAGS = (
					"-ObjC",
					"-lc++",
				);
				PRODUCT_BUNDLE_IDENTIFIER = "org.reactjs.native.example.$(PRODUCT_NAME:rfc1034identifier)";
				PRODUCT_NAME = "$(TARGET_NAME)";
				TEST_HOST = "$(BUILT_PRODUCTS_DIR)/ICE20.app/ICE20";
			};
			name = Staging;
		};
		8492B676220425B3006B58A5 /* Staging */ = {
			isa = XCBuildConfiguration;
			buildSettings = {
				ASSETCATALOG_COMPILER_APPICON_NAME = "App Icon & Top Shelf Image";
				ASSETCATALOG_COMPILER_LAUNCHIMAGE_NAME = LaunchImage;
				CLANG_ANALYZER_NONNULL = YES;
				CLANG_WARN_DOCUMENTATION_COMMENTS = YES;
				CLANG_WARN_INFINITE_RECURSION = YES;
				CLANG_WARN_SUSPICIOUS_MOVE = YES;
				COPY_PHASE_STRIP = NO;
				DEBUG_INFORMATION_FORMAT = "dwarf-with-dsym";
				GCC_NO_COMMON_BLOCKS = YES;
				HEADER_SEARCH_PATHS = (
					"$(inherited)",
					"$(SRCROOT)/../node_modules/react-native-code-push/ios/CodePush/**",
					"$(SRCROOT)/../node_modules/react-native-video/ios/**",
					"$(SRCROOT)/../node_modules/appcenter/ios/AppCenterReactNative",
					"$(SRCROOT)/../node_modules/appcenter-analytics/ios/AppCenterReactNativeAnalytics",
					"$(SRCROOT)/../node_modules/appcenter-crashes/ios/AppCenterReactNativeCrashes",
					"$(SRCROOT)/../node_modules/react-native-restart/ios/RCTRestart",
				);
				INFOPLIST_FILE = "ICE20-tvOS/Info.plist";
				LD_RUNPATH_SEARCH_PATHS = "$(inherited) @executable_path/Frameworks";
				LIBRARY_SEARCH_PATHS = (
					"$(inherited)",
					"\"$(SRCROOT)/$(TARGET_NAME)\"",
					"\"$(SRCROOT)/$(TARGET_NAME)\"",
					"\"$(SRCROOT)/$(TARGET_NAME)\"",
					"\"$(SRCROOT)/$(TARGET_NAME)\"",
					"\"$(SRCROOT)/$(TARGET_NAME)\"",
					"\"$(SRCROOT)/$(TARGET_NAME)\"",
				);
				OTHER_LDFLAGS = (
					"-ObjC",
					"-lc++",
				);
				PRODUCT_BUNDLE_IDENTIFIER = "com.facebook.REACT.ICE20-tvOS";
				PRODUCT_NAME = "$(TARGET_NAME)";
				SDKROOT = appletvos;
				TARGETED_DEVICE_FAMILY = 3;
				TVOS_DEPLOYMENT_TARGET = 11.0;
			};
			name = Staging;
		};
		8492B677220425B3006B58A5 /* Staging */ = {
			isa = XCBuildConfiguration;
			buildSettings = {
				BUNDLE_LOADER = "$(TEST_HOST)";
				CLANG_ANALYZER_NONNULL = YES;
				CLANG_WARN_DOCUMENTATION_COMMENTS = YES;
				CLANG_WARN_INFINITE_RECURSION = YES;
				CLANG_WARN_SUSPICIOUS_MOVE = YES;
				COPY_PHASE_STRIP = NO;
				DEBUG_INFORMATION_FORMAT = "dwarf-with-dsym";
				GCC_NO_COMMON_BLOCKS = YES;
				HEADER_SEARCH_PATHS = (
					"$(inherited)",
					"$(SRCROOT)/../node_modules/react-native-code-push/ios/CodePush/**",
					"$(SRCROOT)/../node_modules/react-native-video/ios/**",
					"$(SRCROOT)/../node_modules/appcenter/ios/AppCenterReactNative",
					"$(SRCROOT)/../node_modules/appcenter-analytics/ios/AppCenterReactNativeAnalytics",
					"$(SRCROOT)/../node_modules/appcenter-crashes/ios/AppCenterReactNativeCrashes",
					"$(SRCROOT)/../node_modules/react-native-restart/ios/RCTRestart",
				);
				INFOPLIST_FILE = "ICE20-tvOSTests/Info.plist";
				LD_RUNPATH_SEARCH_PATHS = "$(inherited) @executable_path/Frameworks @loader_path/Frameworks";
				LIBRARY_SEARCH_PATHS = (
					"$(inherited)",
					"\"$(SRCROOT)/$(TARGET_NAME)\"",
					"\"$(SRCROOT)/$(TARGET_NAME)\"",
					"\"$(SRCROOT)/$(TARGET_NAME)\"",
					"\"$(SRCROOT)/$(TARGET_NAME)\"",
					"\"$(SRCROOT)/$(TARGET_NAME)\"",
					"\"$(SRCROOT)/$(TARGET_NAME)\"",
				);
				OTHER_LDFLAGS = (
					"-ObjC",
					"-lc++",
				);
				PRODUCT_BUNDLE_IDENTIFIER = "com.facebook.REACT.ICE20-tvOSTests";
				PRODUCT_NAME = "$(TARGET_NAME)";
				SDKROOT = appletvos;
				TEST_HOST = "$(BUILT_PRODUCTS_DIR)/ICE20-tvOS.app/ICE20-tvOS";
				TVOS_DEPLOYMENT_TARGET = 10.1;
			};
			name = Staging;
		};
/* End XCBuildConfiguration section */

/* Begin XCConfigurationList section */
		00E357021AD99517003FC87E /* Build configuration list for PBXNativeTarget "ICE20Tests" */ = {
			isa = XCConfigurationList;
			buildConfigurations = (
				00E356F61AD99517003FC87E /* Debug */,
				00E356F71AD99517003FC87E /* Release */,
				8492B675220425B3006B58A5 /* Staging */,
			);
			defaultConfigurationIsVisible = 0;
			defaultConfigurationName = Release;
		};
		13B07F931A680F5B00A75B9A /* Build configuration list for PBXNativeTarget "ICE20" */ = {
			isa = XCConfigurationList;
			buildConfigurations = (
				13B07F941A680F5B00A75B9A /* Debug */,
				13B07F951A680F5B00A75B9A /* Release */,
				8492B674220425B3006B58A5 /* Staging */,
			);
			defaultConfigurationIsVisible = 0;
			defaultConfigurationName = Release;
		};
		2D02E4BA1E0B4A5E006451C7 /* Build configuration list for PBXNativeTarget "ICE20-tvOS" */ = {
			isa = XCConfigurationList;
			buildConfigurations = (
				2D02E4971E0B4A5E006451C7 /* Debug */,
				2D02E4981E0B4A5E006451C7 /* Release */,
				8492B676220425B3006B58A5 /* Staging */,
			);
			defaultConfigurationIsVisible = 0;
			defaultConfigurationName = Release;
		};
		2D02E4BB1E0B4A5E006451C7 /* Build configuration list for PBXNativeTarget "ICE20-tvOSTests" */ = {
			isa = XCConfigurationList;
			buildConfigurations = (
				2D02E4991E0B4A5E006451C7 /* Debug */,
				2D02E49A1E0B4A5E006451C7 /* Release */,
				8492B677220425B3006B58A5 /* Staging */,
			);
			defaultConfigurationIsVisible = 0;
			defaultConfigurationName = Release;
		};
		83CBB9FA1A601CBA00E9B192 /* Build configuration list for PBXProject "ICE20" */ = {
			isa = XCConfigurationList;
			buildConfigurations = (
				83CBBA201A601CBA00E9B192 /* Debug */,
				83CBBA211A601CBA00E9B192 /* Release */,
				8492B673220425B3006B58A5 /* Staging */,
			);
			defaultConfigurationIsVisible = 0;
			defaultConfigurationName = Release;
		};
/* End XCConfigurationList section */
	};
	rootObject = 83CBB9F71A601CBA00E9B192 /* Project object */;
}
